// !$*UTF8*$!
{
	archiveVersion = 1;
	classes = {
	};
	objectVersion = 77;
	objects = {

/* Begin PBXBuildFile section */
		0E7FB86AB6F428B3297AA492 /* UpdateService.swift in Sources */ = {isa = PBXBuildFile; fileRef = D60BA8814BDB7CD86196B556 /* UpdateService.swift */; };
		13AC7B8301F35EC509B22F16 /* SearchWindowTests.swift in Sources */ = {isa = PBXBuildFile; fileRef = 26C33525F13C653C654FBABD /* SearchWindowTests.swift */; };
		177462570C47D2B4DB5E35D9 /* NetworkTriggerServiceTests.swift in Sources */ = {isa = PBXBuildFile; fileRef = 34E1A335FE5120D24D104B40 /* NetworkTriggerServiceTests.swift */; };
		17C5B2B5EA61DA13CF1A96C6 /* IconHotkeysService.swift in Sources */ = {isa = PBXBuildFile; fileRef = 56253053D08930BD23085754 /* IconHotkeysService.swift */; };
		1DC8F575031401E9D2A5F64F /* KeyboardShortcuts in Frameworks */ = {isa = PBXBuildFile; productRef = E264258C707319B447D489AC /* KeyboardShortcuts */; };
		22A389BF0FF36E955E7D94FE /* MenuBarSpacingServiceTests.swift in Sources */ = {isa = PBXBuildFile; fileRef = CB766A29C5B77740E84DFD6F /* MenuBarSpacingServiceTests.swift */; };
		265187C64135D0BBD23E8286 /* ShortcutsSettingsView.swift in Sources */ = {isa = PBXBuildFile; fileRef = D3C979E73A0782B57994ACEB /* ShortcutsSettingsView.swift */; };
		2B73CA2DD25A0FFCD1F7D7D2 /* HidingService.swift in Sources */ = {isa = PBXBuildFile; fileRef = 94B8376513461FDCE0D56D48 /* HidingService.swift */; };
		37F4EDD85F4FC4DFF497E9A4 /* Assets.xcassets in Resources */ = {isa = PBXBuildFile; fileRef = 0752D3D1CCD73101C00C78C2 /* Assets.xcassets */; };
		3C8C5B9FE3807675F4188000 /* MenuBarSpacingService.swift in Sources */ = {isa = PBXBuildFile; fileRef = 104A6DAC73E277437FB01EA0 /* MenuBarSpacingService.swift */; };
		41B6B227638F2EAEE03C5113 /* MenuBarAppearanceServiceTests.swift in Sources */ = {isa = PBXBuildFile; fileRef = 70CF623EFF23CD550A7ADBD3 /* MenuBarAppearanceServiceTests.swift */; };
		4750E806DFD53FA21CA85EA7 /* StatusBarControllerTests.swift in Sources */ = {isa = PBXBuildFile; fileRef = D7006047073EF32646E02E67 /* StatusBarControllerTests.swift */; };
		4BB57A977B2FA35AACEC546A /* MenuBarIconTests.swift in Sources */ = {isa = PBXBuildFile; fileRef = 3A4E8C7196537C29BE3066FE /* MenuBarIconTests.swift */; };
		4E4844789D00AFF79BF3D15D /* MenuBarAppearanceService.swift in Sources */ = {isa = PBXBuildFile; fileRef = ED51501EBF057434C19F31A2 /* MenuBarAppearanceService.swift */; };
		5688BE185598444C9246B5A2 /* MenuBarUITests.swift in Sources */ = {isa = PBXBuildFile; fileRef = A8E96D173908982ED4B80FF7 /* MenuBarUITests.swift */; };
		568DF28CA44E4228C14694D3 /* RunningApp.swift in Sources */ = {isa = PBXBuildFile; fileRef = 6809B5CEB27A3D7829FEE1DC /* RunningApp.swift */; };
		5C22295993EFF0A7E32B1670 /* SaneBarApp.swift in Sources */ = {isa = PBXBuildFile; fileRef = 1DC1DEABE0AD3084ABB62CF5 /* SaneBarApp.swift */; };
		6EB978727259DBDB0C8D3604 /* HoverService.swift in Sources */ = {isa = PBXBuildFile; fileRef = 4C0B1C1B3F989733A71F1C53 /* HoverService.swift */; };
		7348B2397B78857F7F0F5067 /* SettingsController.swift in Sources */ = {isa = PBXBuildFile; fileRef = EB2C108D39FB5084CC3C11DA /* SettingsController.swift */; };
		7FF67990299B4744B95580C9 /* AppleScriptCommands.swift in Sources */ = {isa = PBXBuildFile; fileRef = 3CA8C4CEE3668E43C8682348 /* AppleScriptCommands.swift */; };
		8149B82E4E317A035AEEB406 /* PositionWarningView.swift in Sources */ = {isa = PBXBuildFile; fileRef = AB11C5E4ADAE059C90B232B0 /* PositionWarningView.swift */; };
		81DC7704C8927588BF8B325A /* AppleScriptCommandsTests.swift in Sources */ = {isa = PBXBuildFile; fileRef = 73AFDDAD60438791551A8B50 /* AppleScriptCommandsTests.swift */; };
		85B23B36890D6B156C4DC865 /* AboutSettingsView.swift in Sources */ = {isa = PBXBuildFile; fileRef = B3021B24B132BD1CF5EB4BEC /* AboutSettingsView.swift */; };
		8A701E459F4DC1FFD01F7080 /* SearchService.swift in Sources */ = {isa = PBXBuildFile; fileRef = B169D11639EA3855736D56D3 /* SearchService.swift */; };
		8E33C3A54BBCC58D221E0B84 /* KeyboardShortcutsServiceTests.swift in Sources */ = {isa = PBXBuildFile; fileRef = F9F27D14054F715EE6BFF0C5 /* KeyboardShortcutsServiceTests.swift */; };
		9428EB7B846206973BA5FF5E /* LaunchAtLogin in Frameworks */ = {isa = PBXBuildFile; productRef = E9C15D05272B9E2F506E6168 /* LaunchAtLogin */; };
		959AE6736867A0FC2639D30C /* HoverServiceTests.swift in Sources */ = {isa = PBXBuildFile; fileRef = CAA02FC2E1A7F5DD0FD330B5 /* HoverServiceTests.swift */; };
		989984BF940C74CFBCF07B3F /* MenuBarSearchView.swift in Sources */ = {isa = PBXBuildFile; fileRef = B5C66F68876450A14661CBF6 /* MenuBarSearchView.swift */; };
		990EA56319E0AAB9C2A3590A /* NetworkTriggerService.swift in Sources */ = {isa = PBXBuildFile; fileRef = B73E7B6958BA479EF75F75D0 /* NetworkTriggerService.swift */; };
		9BC52E05D50B842C329F419F /* SaneBarTests.swift in Sources */ = {isa = PBXBuildFile; fileRef = AC8DFCDA1C4025F24D61245B /* SaneBarTests.swift */; };
		A0C50D5E25A04B6896F997D6 /* AccessibilityService.swift in Sources */ = {isa = PBXBuildFile; fileRef = 9C742574D88EB9D36FD7B9DA /* AccessibilityService.swift */; };
		A31A1121AA09ACA4DB5061D0 /* SearchWindowController.swift in Sources */ = {isa = PBXBuildFile; fileRef = 9911A7251AE151FCA164258D /* SearchWindowController.swift */; };
		A583F001627821380801AED9 /* PersistenceServiceTests.swift in Sources */ = {isa = PBXBuildFile; fileRef = A1048F0D4BA791A53CF0D482 /* PersistenceServiceTests.swift */; };
		A78EF8D7C743AA6BC885F4FD /* TriggerService.swift in Sources */ = {isa = PBXBuildFile; fileRef = FC1779B5B710715DD106EE34 /* TriggerService.swift */; };
		AACD9A6170B39E6B630846A0 /* SaneBar.sdef in Resources */ = {isa = PBXBuildFile; fileRef = 375ECF968EBFF6B579A7BD5A /* SaneBar.sdef */; };
		AB4408C25FF0C5FC4F914D66 /* HidingServiceTests.swift in Sources */ = {isa = PBXBuildFile; fileRef = B3A01CA95F5F638F8643776B /* HidingServiceTests.swift */; };
		B18DB5237FDC51CEA39A40D5 /* SettingsView.swift in Sources */ = {isa = PBXBuildFile; fileRef = 6D9BA08257DC5AD1543DD4C9 /* SettingsView.swift */; };
		B207D8C90670B575527260F2 /* KeyboardShortcutsService.swift in Sources */ = {isa = PBXBuildFile; fileRef = 23E2D67002C964909F979DC3 /* KeyboardShortcutsService.swift */; };
		B6A1C5E2259BAA27A624479F /* IconHotkeysServiceTests.swift in Sources */ = {isa = PBXBuildFile; fileRef = F54AE3B756A10470B1DA4E12 /* IconHotkeysServiceTests.swift */; };
		B6B2CD2D4CD087C383D7ED63 /* PersistenceService.swift in Sources */ = {isa = PBXBuildFile; fileRef = B24E45F7A61568E66AD0C4B3 /* PersistenceService.swift */; };
		BAE6F3E7D2DC889FFDB79BCA /* Mocks.swift in Sources */ = {isa = PBXBuildFile; fileRef = 279B371659C5F49AC26F024E /* Mocks.swift */; };
		C27E4FD28E5557809A4C3026 /* SaneBarProfile.swift in Sources */ = {isa = PBXBuildFile; fileRef = 3F0384A92E32FC3AFE2A3FFE /* SaneBarProfile.swift */; };
		C6D235BA832CD11B9DAE6ADD /* MenuBarManager.swift in Sources */ = {isa = PBXBuildFile; fileRef = 1905495077B20635EBB95815 /* MenuBarManager.swift */; };
		D380B5F6DA8F9378FBE90A23 /* AccessibilityServiceTests.swift in Sources */ = {isa = PBXBuildFile; fileRef = 41439DA42C1E6C2FB079D071 /* AccessibilityServiceTests.swift */; };
		ECDD72BA688BD144E830C796 /* GeneralSettingsView.swift in Sources */ = {isa = PBXBuildFile; fileRef = C40E63F060F56871BB430C49 /* GeneralSettingsView.swift */; };
		F2B3FB6C4A975BB22A83EF62 /* Localizable.strings in Resources */ = {isa = PBXBuildFile; fileRef = FB5A5E19E67E44650AC8FED0 /* Localizable.strings */; };
		F38C19F2AE8D842D2C3553E9 /* SettingsControllerTests.swift in Sources */ = {isa = PBXBuildFile; fileRef = DDB8ED02A76F3BA1445FD88C /* SettingsControllerTests.swift */; };
		F402B2ABCBDD881FB3385E47 /* StatusBarController.swift in Sources */ = {isa = PBXBuildFile; fileRef = 386A8722235E682FD58BF6B6 /* StatusBarController.swift */; };
		F650F18E449852345CEB3FA6 /* AdvancedSettingsView.swift in Sources */ = {isa = PBXBuildFile; fileRef = 2608C1CE315884BF17942B22 /* AdvancedSettingsView.swift */; };
		F989BD2C0C70795F414A16B7 /* MenuBarManagerTests.swift in Sources */ = {isa = PBXBuildFile; fileRef = E1B8F87A5FFE2F2F93CB39EF /* MenuBarManagerTests.swift */; };
		FA278407964B45FDDD174E2E /* GlassGroupBoxStyle.swift in Sources */ = {isa = PBXBuildFile; fileRef = 3A218401975140553BE0ACD4 /* GlassGroupBoxStyle.swift */; };
		FB7CE69BC52130B02564CF53 /* TriggerServiceTests.swift in Sources */ = {isa = PBXBuildFile; fileRef = FEA96977A73FD49086AE43EC /* TriggerServiceTests.swift */; };
		FCABD367FF36BBD7A6C58084 /* OnboardingTipView.swift in Sources */ = {isa = PBXBuildFile; fileRef = 7AAC843F6DE1AD74F8F7AC54 /* OnboardingTipView.swift */; };
/* End PBXBuildFile section */

/* Begin PBXContainerItemProxy section */
		235747F6592EF6725DD8188B /* PBXContainerItemProxy */ = {
			isa = PBXContainerItemProxy;
			containerPortal = 949C056D9FA5414C0976C5F5 /* Project object */;
			proxyType = 1;
			remoteGlobalIDString = 1951DC8E5DD83CFDC1E5875B;
			remoteInfo = SaneBar;
		};
/* End PBXContainerItemProxy section */

/* Begin PBXFileReference section */
		0752D3D1CCD73101C00C78C2 /* Assets.xcassets */ = {isa = PBXFileReference; lastKnownFileType = folder.assetcatalog; path = Assets.xcassets; sourceTree = "<group>"; };
		104A6DAC73E277437FB01EA0 /* MenuBarSpacingService.swift */ = {isa = PBXFileReference; lastKnownFileType = sourcecode.swift; path = MenuBarSpacingService.swift; sourceTree = "<group>"; };
		1905495077B20635EBB95815 /* MenuBarManager.swift */ = {isa = PBXFileReference; lastKnownFileType = sourcecode.swift; path = MenuBarManager.swift; sourceTree = "<group>"; };
		1DC1DEABE0AD3084ABB62CF5 /* SaneBarApp.swift */ = {isa = PBXFileReference; lastKnownFileType = sourcecode.swift; path = SaneBarApp.swift; sourceTree = "<group>"; };
		23E2D67002C964909F979DC3 /* KeyboardShortcutsService.swift */ = {isa = PBXFileReference; lastKnownFileType = sourcecode.swift; path = KeyboardShortcutsService.swift; sourceTree = "<group>"; };
		2608C1CE315884BF17942B22 /* AdvancedSettingsView.swift */ = {isa = PBXFileReference; lastKnownFileType = sourcecode.swift; path = AdvancedSettingsView.swift; sourceTree = "<group>"; };
		26C33525F13C653C654FBABD /* SearchWindowTests.swift */ = {isa = PBXFileReference; lastKnownFileType = sourcecode.swift; path = SearchWindowTests.swift; sourceTree = "<group>"; };
		279B371659C5F49AC26F024E /* Mocks.swift */ = {isa = PBXFileReference; lastKnownFileType = sourcecode.swift; path = Mocks.swift; sourceTree = "<group>"; };
		34E1A335FE5120D24D104B40 /* NetworkTriggerServiceTests.swift */ = {isa = PBXFileReference; lastKnownFileType = sourcecode.swift; path = NetworkTriggerServiceTests.swift; sourceTree = "<group>"; };
		375ECF968EBFF6B579A7BD5A /* SaneBar.sdef */ = {isa = PBXFileReference; path = SaneBar.sdef; sourceTree = "<group>"; };
		386A8722235E682FD58BF6B6 /* StatusBarController.swift */ = {isa = PBXFileReference; lastKnownFileType = sourcecode.swift; path = StatusBarController.swift; sourceTree = "<group>"; };
		3A218401975140553BE0ACD4 /* GlassGroupBoxStyle.swift */ = {isa = PBXFileReference; lastKnownFileType = sourcecode.swift; path = GlassGroupBoxStyle.swift; sourceTree = "<group>"; };
		3A4E8C7196537C29BE3066FE /* MenuBarIconTests.swift */ = {isa = PBXFileReference; lastKnownFileType = sourcecode.swift; path = MenuBarIconTests.swift; sourceTree = "<group>"; };
		3CA8C4CEE3668E43C8682348 /* AppleScriptCommands.swift */ = {isa = PBXFileReference; lastKnownFileType = sourcecode.swift; path = AppleScriptCommands.swift; sourceTree = "<group>"; };
		3F0384A92E32FC3AFE2A3FFE /* SaneBarProfile.swift */ = {isa = PBXFileReference; lastKnownFileType = sourcecode.swift; path = SaneBarProfile.swift; sourceTree = "<group>"; };
		41439DA42C1E6C2FB079D071 /* AccessibilityServiceTests.swift */ = {isa = PBXFileReference; lastKnownFileType = sourcecode.swift; path = AccessibilityServiceTests.swift; sourceTree = "<group>"; };
		4C0B1C1B3F989733A71F1C53 /* HoverService.swift */ = {isa = PBXFileReference; lastKnownFileType = sourcecode.swift; path = HoverService.swift; sourceTree = "<group>"; };
		56253053D08930BD23085754 /* IconHotkeysService.swift */ = {isa = PBXFileReference; lastKnownFileType = sourcecode.swift; path = IconHotkeysService.swift; sourceTree = "<group>"; };
		67AFF893E4BCBB6A30235E67 /* SaneBarTests.xctest */ = {isa = PBXFileReference; explicitFileType = wrapper.cfbundle; includeInIndex = 0; path = SaneBarTests.xctest; sourceTree = BUILT_PRODUCTS_DIR; };
		6809B5CEB27A3D7829FEE1DC /* RunningApp.swift */ = {isa = PBXFileReference; lastKnownFileType = sourcecode.swift; path = RunningApp.swift; sourceTree = "<group>"; };
		6D9BA08257DC5AD1543DD4C9 /* SettingsView.swift */ = {isa = PBXFileReference; lastKnownFileType = sourcecode.swift; path = SettingsView.swift; sourceTree = "<group>"; };
		70CF623EFF23CD550A7ADBD3 /* MenuBarAppearanceServiceTests.swift */ = {isa = PBXFileReference; lastKnownFileType = sourcecode.swift; path = MenuBarAppearanceServiceTests.swift; sourceTree = "<group>"; };
		7386E7B1B55EE182670DC1FF /* en */ = {isa = PBXFileReference; lastKnownFileType = text.plist.strings; name = en; path = en.lproj/Localizable.strings; sourceTree = "<group>"; };
		73AFDDAD60438791551A8B50 /* AppleScriptCommandsTests.swift */ = {isa = PBXFileReference; lastKnownFileType = sourcecode.swift; path = AppleScriptCommandsTests.swift; sourceTree = "<group>"; };
		7AAC843F6DE1AD74F8F7AC54 /* OnboardingTipView.swift */ = {isa = PBXFileReference; lastKnownFileType = sourcecode.swift; path = OnboardingTipView.swift; sourceTree = "<group>"; };
		94B8376513461FDCE0D56D48 /* HidingService.swift */ = {isa = PBXFileReference; lastKnownFileType = sourcecode.swift; path = HidingService.swift; sourceTree = "<group>"; };
		9911A7251AE151FCA164258D /* SearchWindowController.swift */ = {isa = PBXFileReference; lastKnownFileType = sourcecode.swift; path = SearchWindowController.swift; sourceTree = "<group>"; };
		9C742574D88EB9D36FD7B9DA /* AccessibilityService.swift */ = {isa = PBXFileReference; lastKnownFileType = sourcecode.swift; path = AccessibilityService.swift; sourceTree = "<group>"; };
		A1048F0D4BA791A53CF0D482 /* PersistenceServiceTests.swift */ = {isa = PBXFileReference; lastKnownFileType = sourcecode.swift; path = PersistenceServiceTests.swift; sourceTree = "<group>"; };
		A8E96D173908982ED4B80FF7 /* MenuBarUITests.swift */ = {isa = PBXFileReference; lastKnownFileType = sourcecode.swift; path = MenuBarUITests.swift; sourceTree = "<group>"; };
		AB11C5E4ADAE059C90B232B0 /* PositionWarningView.swift */ = {isa = PBXFileReference; lastKnownFileType = sourcecode.swift; path = PositionWarningView.swift; sourceTree = "<group>"; };
		AC8DFCDA1C4025F24D61245B /* SaneBarTests.swift */ = {isa = PBXFileReference; lastKnownFileType = sourcecode.swift; path = SaneBarTests.swift; sourceTree = "<group>"; };
		B169D11639EA3855736D56D3 /* SearchService.swift */ = {isa = PBXFileReference; lastKnownFileType = sourcecode.swift; path = SearchService.swift; sourceTree = "<group>"; };
		B24E45F7A61568E66AD0C4B3 /* PersistenceService.swift */ = {isa = PBXFileReference; lastKnownFileType = sourcecode.swift; path = PersistenceService.swift; sourceTree = "<group>"; };
		B3021B24B132BD1CF5EB4BEC /* AboutSettingsView.swift */ = {isa = PBXFileReference; lastKnownFileType = sourcecode.swift; path = AboutSettingsView.swift; sourceTree = "<group>"; };
		B3A01CA95F5F638F8643776B /* HidingServiceTests.swift */ = {isa = PBXFileReference; lastKnownFileType = sourcecode.swift; path = HidingServiceTests.swift; sourceTree = "<group>"; };
		B5C66F68876450A14661CBF6 /* MenuBarSearchView.swift */ = {isa = PBXFileReference; lastKnownFileType = sourcecode.swift; path = MenuBarSearchView.swift; sourceTree = "<group>"; };
		B73E7B6958BA479EF75F75D0 /* NetworkTriggerService.swift */ = {isa = PBXFileReference; lastKnownFileType = sourcecode.swift; path = NetworkTriggerService.swift; sourceTree = "<group>"; };
		C40E63F060F56871BB430C49 /* GeneralSettingsView.swift */ = {isa = PBXFileReference; lastKnownFileType = sourcecode.swift; path = GeneralSettingsView.swift; sourceTree = "<group>"; };
		CAA02FC2E1A7F5DD0FD330B5 /* HoverServiceTests.swift */ = {isa = PBXFileReference; lastKnownFileType = sourcecode.swift; path = HoverServiceTests.swift; sourceTree = "<group>"; };
		CB766A29C5B77740E84DFD6F /* MenuBarSpacingServiceTests.swift */ = {isa = PBXFileReference; lastKnownFileType = sourcecode.swift; path = MenuBarSpacingServiceTests.swift; sourceTree = "<group>"; };
		D3C979E73A0782B57994ACEB /* ShortcutsSettingsView.swift */ = {isa = PBXFileReference; lastKnownFileType = sourcecode.swift; path = ShortcutsSettingsView.swift; sourceTree = "<group>"; };
		D60BA8814BDB7CD86196B556 /* UpdateService.swift */ = {isa = PBXFileReference; lastKnownFileType = sourcecode.swift; path = UpdateService.swift; sourceTree = "<group>"; };
		D7006047073EF32646E02E67 /* StatusBarControllerTests.swift */ = {isa = PBXFileReference; lastKnownFileType = sourcecode.swift; path = StatusBarControllerTests.swift; sourceTree = "<group>"; };
		DDB8ED02A76F3BA1445FD88C /* SettingsControllerTests.swift */ = {isa = PBXFileReference; lastKnownFileType = sourcecode.swift; path = SettingsControllerTests.swift; sourceTree = "<group>"; };
		E1B8F87A5FFE2F2F93CB39EF /* MenuBarManagerTests.swift */ = {isa = PBXFileReference; lastKnownFileType = sourcecode.swift; path = MenuBarManagerTests.swift; sourceTree = "<group>"; };
		E2110BC48727749AB5BC8606 /* SaneBar.app */ = {isa = PBXFileReference; explicitFileType = wrapper.application; includeInIndex = 0; path = SaneBar.app; sourceTree = BUILT_PRODUCTS_DIR; };
		EB2C108D39FB5084CC3C11DA /* SettingsController.swift */ = {isa = PBXFileReference; lastKnownFileType = sourcecode.swift; path = SettingsController.swift; sourceTree = "<group>"; };
		ED51501EBF057434C19F31A2 /* MenuBarAppearanceService.swift */ = {isa = PBXFileReference; lastKnownFileType = sourcecode.swift; path = MenuBarAppearanceService.swift; sourceTree = "<group>"; };
		F54AE3B756A10470B1DA4E12 /* IconHotkeysServiceTests.swift */ = {isa = PBXFileReference; lastKnownFileType = sourcecode.swift; path = IconHotkeysServiceTests.swift; sourceTree = "<group>"; };
		F9F27D14054F715EE6BFF0C5 /* KeyboardShortcutsServiceTests.swift */ = {isa = PBXFileReference; lastKnownFileType = sourcecode.swift; path = KeyboardShortcutsServiceTests.swift; sourceTree = "<group>"; };
		FC1779B5B710715DD106EE34 /* TriggerService.swift */ = {isa = PBXFileReference; lastKnownFileType = sourcecode.swift; path = TriggerService.swift; sourceTree = "<group>"; };
		FEA96977A73FD49086AE43EC /* TriggerServiceTests.swift */ = {isa = PBXFileReference; lastKnownFileType = sourcecode.swift; path = TriggerServiceTests.swift; sourceTree = "<group>"; };
/* End PBXFileReference section */

/* Begin PBXFrameworksBuildPhase section */
		729C80327D9CB1836E32E1C5 /* Frameworks */ = {
			isa = PBXFrameworksBuildPhase;
			buildActionMask = 2147483647;
			files = (
				1DC8F575031401E9D2A5F64F /* KeyboardShortcuts in Frameworks */,
				9428EB7B846206973BA5FF5E /* LaunchAtLogin in Frameworks */,
			);
			runOnlyForDeploymentPostprocessing = 0;
		};
/* End PBXFrameworksBuildPhase section */

/* Begin PBXGroup section */
		069C3A0FC8F35C1CEEE6717E /* SearchWindow */ = {
			isa = PBXGroup;
			children = (
				B5C66F68876450A14661CBF6 /* MenuBarSearchView.swift */,
				9911A7251AE151FCA164258D /* SearchWindowController.swift */,
			);
			path = SearchWindow;
			sourceTree = "<group>";
		};
		0DD89DD44DE1F44FF53B12A4 /* UI */ = {
			isa = PBXGroup;
			children = (
				7AAC843F6DE1AD74F8F7AC54 /* OnboardingTipView.swift */,
				AB11C5E4ADAE059C90B232B0 /* PositionWarningView.swift */,
				6D9BA08257DC5AD1543DD4C9 /* SettingsView.swift */,
				069C3A0FC8F35C1CEEE6717E /* SearchWindow */,
				8B3B0395225A66EBED761B56 /* Settings */,
			);
			path = UI;
			sourceTree = "<group>";
		};
		13A5496922BE222586C82A3D /* Controllers */ = {
			isa = PBXGroup;
			children = (
				EB2C108D39FB5084CC3C11DA /* SettingsController.swift */,
				386A8722235E682FD58BF6B6 /* StatusBarController.swift */,
			);
			path = Controllers;
			sourceTree = "<group>";
		};
		409A8D62B36CC252BED0A4E4 /* Resources */ = {
			isa = PBXGroup;
			children = (
				0752D3D1CCD73101C00C78C2 /* Assets.xcassets */,
				FB5A5E19E67E44650AC8FED0 /* Localizable.strings */,
				375ECF968EBFF6B579A7BD5A /* SaneBar.sdef */,
			);
			path = Resources;
			sourceTree = "<group>";
		};
		5FE61272586955420BA4EDE2 /* Tests */ = {
			isa = PBXGroup;
			children = (
				41439DA42C1E6C2FB079D071 /* AccessibilityServiceTests.swift */,
				73AFDDAD60438791551A8B50 /* AppleScriptCommandsTests.swift */,
				B3A01CA95F5F638F8643776B /* HidingServiceTests.swift */,
				CAA02FC2E1A7F5DD0FD330B5 /* HoverServiceTests.swift */,
				F54AE3B756A10470B1DA4E12 /* IconHotkeysServiceTests.swift */,
				F9F27D14054F715EE6BFF0C5 /* KeyboardShortcutsServiceTests.swift */,
				70CF623EFF23CD550A7ADBD3 /* MenuBarAppearanceServiceTests.swift */,
				3A4E8C7196537C29BE3066FE /* MenuBarIconTests.swift */,
				E1B8F87A5FFE2F2F93CB39EF /* MenuBarManagerTests.swift */,
				CB766A29C5B77740E84DFD6F /* MenuBarSpacingServiceTests.swift */,
				A8E96D173908982ED4B80FF7 /* MenuBarUITests.swift */,
				34E1A335FE5120D24D104B40 /* NetworkTriggerServiceTests.swift */,
				A1048F0D4BA791A53CF0D482 /* PersistenceServiceTests.swift */,
				AC8DFCDA1C4025F24D61245B /* SaneBarTests.swift */,
				26C33525F13C653C654FBABD /* SearchWindowTests.swift */,
				DDB8ED02A76F3BA1445FD88C /* SettingsControllerTests.swift */,
				D7006047073EF32646E02E67 /* StatusBarControllerTests.swift */,
				FEA96977A73FD49086AE43EC /* TriggerServiceTests.swift */,
				950DDE1E30D9E518020538CE /* Mocks */,
			);
			path = Tests;
			sourceTree = "<group>";
		};
		60D7115FA8248A53889C5923 = {
			isa = PBXGroup;
			children = (
				1DC1DEABE0AD3084ABB62CF5 /* SaneBarApp.swift */,
				90F8FA130E087A281C816B2A /* Core */,
				409A8D62B36CC252BED0A4E4 /* Resources */,
				5FE61272586955420BA4EDE2 /* Tests */,
				0DD89DD44DE1F44FF53B12A4 /* UI */,
				D14A5D400198233C0D7C948F /* Products */,
			);
			sourceTree = "<group>";
		};
		8B3B0395225A66EBED761B56 /* Settings */ = {
			isa = PBXGroup;
			children = (
				B3021B24B132BD1CF5EB4BEC /* AboutSettingsView.swift */,
				2608C1CE315884BF17942B22 /* AdvancedSettingsView.swift */,
				C40E63F060F56871BB430C49 /* GeneralSettingsView.swift */,
				3A218401975140553BE0ACD4 /* GlassGroupBoxStyle.swift */,
				D3C979E73A0782B57994ACEB /* ShortcutsSettingsView.swift */,
			);
			path = Settings;
			sourceTree = "<group>";
		};
		90F8FA130E087A281C816B2A /* Core */ = {
			isa = PBXGroup;
			children = (
				1905495077B20635EBB95815 /* MenuBarManager.swift */,
				13A5496922BE222586C82A3D /* Controllers */,
				9B59B9EFDE3FBE4F62C13BDD /* Models */,
				F4D16756A6A53AD0A4F56F30 /* Services */,
			);
			path = Core;
			sourceTree = "<group>";
		};
		950DDE1E30D9E518020538CE /* Mocks */ = {
			isa = PBXGroup;
			children = (
				279B371659C5F49AC26F024E /* Mocks.swift */,
			);
			path = Mocks;
			sourceTree = "<group>";
		};
		9B59B9EFDE3FBE4F62C13BDD /* Models */ = {
			isa = PBXGroup;
			children = (
				6809B5CEB27A3D7829FEE1DC /* RunningApp.swift */,
				3F0384A92E32FC3AFE2A3FFE /* SaneBarProfile.swift */,
			);
			path = Models;
			sourceTree = "<group>";
		};
		D14A5D400198233C0D7C948F /* Products */ = {
			isa = PBXGroup;
			children = (
				E2110BC48727749AB5BC8606 /* SaneBar.app */,
				67AFF893E4BCBB6A30235E67 /* SaneBarTests.xctest */,
			);
			name = Products;
			sourceTree = "<group>";
		};
		F4D16756A6A53AD0A4F56F30 /* Services */ = {
			isa = PBXGroup;
			children = (
				9C742574D88EB9D36FD7B9DA /* AccessibilityService.swift */,
				3CA8C4CEE3668E43C8682348 /* AppleScriptCommands.swift */,
				94B8376513461FDCE0D56D48 /* HidingService.swift */,
				4C0B1C1B3F989733A71F1C53 /* HoverService.swift */,
				56253053D08930BD23085754 /* IconHotkeysService.swift */,
				23E2D67002C964909F979DC3 /* KeyboardShortcutsService.swift */,
				ED51501EBF057434C19F31A2 /* MenuBarAppearanceService.swift */,
				104A6DAC73E277437FB01EA0 /* MenuBarSpacingService.swift */,
				B73E7B6958BA479EF75F75D0 /* NetworkTriggerService.swift */,
				B24E45F7A61568E66AD0C4B3 /* PersistenceService.swift */,
				B169D11639EA3855736D56D3 /* SearchService.swift */,
				FC1779B5B710715DD106EE34 /* TriggerService.swift */,
				D60BA8814BDB7CD86196B556 /* UpdateService.swift */,
			);
			path = Services;
			sourceTree = "<group>";
		};
/* End PBXGroup section */

/* Begin PBXNativeTarget section */
		020A0F6219F4EE96F9923799 /* SaneBarTests */ = {
			isa = PBXNativeTarget;
			buildConfigurationList = 6AFCDAF3F1C0A43572986D8F /* Build configuration list for PBXNativeTarget "SaneBarTests" */;
			buildPhases = (
				6CB7510505531FA222E573BD /* Sources */,
			);
			buildRules = (
			);
			dependencies = (
				21C773D88B8319827F244214 /* PBXTargetDependency */,
			);
			name = SaneBarTests;
			packageProductDependencies = (
			);
			productName = SaneBarTests;
			productReference = 67AFF893E4BCBB6A30235E67 /* SaneBarTests.xctest */;
			productType = "com.apple.product-type.bundle.unit-test";
		};
		1951DC8E5DD83CFDC1E5875B /* SaneBar */ = {
			isa = PBXNativeTarget;
			buildConfigurationList = 7D12CB2E7AC314BA2DBF0C93 /* Build configuration list for PBXNativeTarget "SaneBar" */;
			buildPhases = (
				BCAA4198F23E060F2B23D0CE /* Sources */,
				ACD4857716FE2B4BB6D40D67 /* Run SwiftLint */,
				FEB2BBAEB007C7EC59786730 /* Resources */,
				729C80327D9CB1836E32E1C5 /* Frameworks */,
			);
			buildRules = (
			);
			dependencies = (
			);
			name = SaneBar;
			packageProductDependencies = (
				E264258C707319B447D489AC /* KeyboardShortcuts */,
				E9C15D05272B9E2F506E6168 /* LaunchAtLogin */,
			);
			productName = SaneBar;
			productReference = E2110BC48727749AB5BC8606 /* SaneBar.app */;
			productType = "com.apple.product-type.application";
		};
/* End PBXNativeTarget section */

/* Begin PBXProject section */
		949C056D9FA5414C0976C5F5 /* Project object */ = {
			isa = PBXProject;
			attributes = {
				BuildIndependentTargetsInParallel = YES;
				LastUpgradeCheck = 1430;
				TargetAttributes = {
					020A0F6219F4EE96F9923799 = {
						DevelopmentTeam = M78L6FXD48;
						ProvisioningStyle = Manual;
					};
					1951DC8E5DD83CFDC1E5875B = {
						DevelopmentTeam = M78L6FXD48;
						ProvisioningStyle = Manual;
					};
				};
			};
			buildConfigurationList = 522DFAB53E640DC8E2C4B75C /* Build configuration list for PBXProject "SaneBar" */;
			compatibilityVersion = "Xcode 14.0";
			developmentRegion = en;
			hasScannedForEncodings = 0;
			knownRegions = (
				Base,
				en,
			);
			mainGroup = 60D7115FA8248A53889C5923;
			minimizedProjectReferenceProxies = 1;
			packageReferences = (
				D2D0D47940BF0BB98E9639FA /* XCRemoteSwiftPackageReference "KeyboardShortcuts" */,
				39041A02CE7188B0B094F557 /* XCRemoteSwiftPackageReference "LaunchAtLogin-Modern" */,
			);
			preferredProjectObjectVersion = 77;
			projectDirPath = "";
			projectRoot = "";
			targets = (
				1951DC8E5DD83CFDC1E5875B /* SaneBar */,
				020A0F6219F4EE96F9923799 /* SaneBarTests */,
			);
		};
/* End PBXProject section */

/* Begin PBXResourcesBuildPhase section */
		FEB2BBAEB007C7EC59786730 /* Resources */ = {
			isa = PBXResourcesBuildPhase;
			buildActionMask = 2147483647;
			files = (
				37F4EDD85F4FC4DFF497E9A4 /* Assets.xcassets in Resources */,
				F2B3FB6C4A975BB22A83EF62 /* Localizable.strings in Resources */,
				AACD9A6170B39E6B630846A0 /* SaneBar.sdef in Resources */,
			);
			runOnlyForDeploymentPostprocessing = 0;
		};
/* End PBXResourcesBuildPhase section */

/* Begin PBXShellScriptBuildPhase section */
		ACD4857716FE2B4BB6D40D67 /* Run SwiftLint */ = {
			isa = PBXShellScriptBuildPhase;
			buildActionMask = 2147483647;
			files = (
			);
			inputFileListPaths = (
			);
			inputPaths = (
			);
			name = "Run SwiftLint";
			outputFileListPaths = (
			);
			outputPaths = (
			);
			runOnlyForDeploymentPostprocessing = 0;
			shellPath = /bin/sh;
			shellScript = "if which swiftlint >/dev/null; then\n  swiftlint . || true\nelse\n  echo \"warning: SwiftLint not installed\"\nfi\n";
		};
/* End PBXShellScriptBuildPhase section */

/* Begin PBXSourcesBuildPhase section */
		6CB7510505531FA222E573BD /* Sources */ = {
			isa = PBXSourcesBuildPhase;
			buildActionMask = 2147483647;
			files = (
				D380B5F6DA8F9378FBE90A23 /* AccessibilityServiceTests.swift in Sources */,
				81DC7704C8927588BF8B325A /* AppleScriptCommandsTests.swift in Sources */,
				AB4408C25FF0C5FC4F914D66 /* HidingServiceTests.swift in Sources */,
				959AE6736867A0FC2639D30C /* HoverServiceTests.swift in Sources */,
				B6A1C5E2259BAA27A624479F /* IconHotkeysServiceTests.swift in Sources */,
				8E33C3A54BBCC58D221E0B84 /* KeyboardShortcutsServiceTests.swift in Sources */,
				41B6B227638F2EAEE03C5113 /* MenuBarAppearanceServiceTests.swift in Sources */,
				4BB57A977B2FA35AACEC546A /* MenuBarIconTests.swift in Sources */,
				F989BD2C0C70795F414A16B7 /* MenuBarManagerTests.swift in Sources */,
				22A389BF0FF36E955E7D94FE /* MenuBarSpacingServiceTests.swift in Sources */,
				5688BE185598444C9246B5A2 /* MenuBarUITests.swift in Sources */,
				BAE6F3E7D2DC889FFDB79BCA /* Mocks.swift in Sources */,
				177462570C47D2B4DB5E35D9 /* NetworkTriggerServiceTests.swift in Sources */,
				A583F001627821380801AED9 /* PersistenceServiceTests.swift in Sources */,
				9BC52E05D50B842C329F419F /* SaneBarTests.swift in Sources */,
				13AC7B8301F35EC509B22F16 /* SearchWindowTests.swift in Sources */,
				F38C19F2AE8D842D2C3553E9 /* SettingsControllerTests.swift in Sources */,
				4750E806DFD53FA21CA85EA7 /* StatusBarControllerTests.swift in Sources */,
				FB7CE69BC52130B02564CF53 /* TriggerServiceTests.swift in Sources */,
			);
			runOnlyForDeploymentPostprocessing = 0;
		};
		BCAA4198F23E060F2B23D0CE /* Sources */ = {
			isa = PBXSourcesBuildPhase;
			buildActionMask = 2147483647;
			files = (
				85B23B36890D6B156C4DC865 /* AboutSettingsView.swift in Sources */,
				A0C50D5E25A04B6896F997D6 /* AccessibilityService.swift in Sources */,
				F650F18E449852345CEB3FA6 /* AdvancedSettingsView.swift in Sources */,
				7FF67990299B4744B95580C9 /* AppleScriptCommands.swift in Sources */,
				ECDD72BA688BD144E830C796 /* GeneralSettingsView.swift in Sources */,
				FA278407964B45FDDD174E2E /* GlassGroupBoxStyle.swift in Sources */,
				2B73CA2DD25A0FFCD1F7D7D2 /* HidingService.swift in Sources */,
				6EB978727259DBDB0C8D3604 /* HoverService.swift in Sources */,
				17C5B2B5EA61DA13CF1A96C6 /* IconHotkeysService.swift in Sources */,
				B207D8C90670B575527260F2 /* KeyboardShortcutsService.swift in Sources */,
				4E4844789D00AFF79BF3D15D /* MenuBarAppearanceService.swift in Sources */,
				C6D235BA832CD11B9DAE6ADD /* MenuBarManager.swift in Sources */,
				989984BF940C74CFBCF07B3F /* MenuBarSearchView.swift in Sources */,
				3C8C5B9FE3807675F4188000 /* MenuBarSpacingService.swift in Sources */,
				990EA56319E0AAB9C2A3590A /* NetworkTriggerService.swift in Sources */,
				FCABD367FF36BBD7A6C58084 /* OnboardingTipView.swift in Sources */,
				B6B2CD2D4CD087C383D7ED63 /* PersistenceService.swift in Sources */,
				8149B82E4E317A035AEEB406 /* PositionWarningView.swift in Sources */,
				568DF28CA44E4228C14694D3 /* RunningApp.swift in Sources */,
				5C22295993EFF0A7E32B1670 /* SaneBarApp.swift in Sources */,
				C27E4FD28E5557809A4C3026 /* SaneBarProfile.swift in Sources */,
				8A701E459F4DC1FFD01F7080 /* SearchService.swift in Sources */,
				A31A1121AA09ACA4DB5061D0 /* SearchWindowController.swift in Sources */,
				7348B2397B78857F7F0F5067 /* SettingsController.swift in Sources */,
				B18DB5237FDC51CEA39A40D5 /* SettingsView.swift in Sources */,
				265187C64135D0BBD23E8286 /* ShortcutsSettingsView.swift in Sources */,
				F402B2ABCBDD881FB3385E47 /* StatusBarController.swift in Sources */,
				A78EF8D7C743AA6BC885F4FD /* TriggerService.swift in Sources */,
				0E7FB86AB6F428B3297AA492 /* UpdateService.swift in Sources */,
			);
			runOnlyForDeploymentPostprocessing = 0;
		};
/* End PBXSourcesBuildPhase section */

/* Begin PBXTargetDependency section */
		21C773D88B8319827F244214 /* PBXTargetDependency */ = {
			isa = PBXTargetDependency;
			target = 1951DC8E5DD83CFDC1E5875B /* SaneBar */;
			targetProxy = 235747F6592EF6725DD8188B /* PBXContainerItemProxy */;
		};
/* End PBXTargetDependency section */

/* Begin PBXVariantGroup section */
		FB5A5E19E67E44650AC8FED0 /* Localizable.strings */ = {
			isa = PBXVariantGroup;
			children = (
				7386E7B1B55EE182670DC1FF /* en */,
			);
			name = Localizable.strings;
			sourceTree = "<group>";
		};
/* End PBXVariantGroup section */

/* Begin XCBuildConfiguration section */
		3A13B0DCEB3CB1B18D4E82BD /* Debug */ = {
			isa = XCBuildConfiguration;
			buildSettings = {
				ALWAYS_SEARCH_USER_PATHS = NO;
				ASSETCATALOG_COMPILER_GENERATE_SWIFT_ASSET_SYMBOL_EXTENSIONS = YES;
				CLANG_ANALYZER_NONNULL = YES;
				CLANG_ANALYZER_NUMBER_OBJECT_CONVERSION = YES_AGGRESSIVE;
				CLANG_CXX_LANGUAGE_STANDARD = "gnu++14";
				CLANG_CXX_LIBRARY = "libc++";
				CLANG_ENABLE_MODULES = YES;
				CLANG_ENABLE_OBJC_ARC = YES;
				CLANG_ENABLE_OBJC_WEAK = YES;
				CLANG_WARN_BLOCK_CAPTURE_AUTORELEASING = YES;
				CLANG_WARN_BOOL_CONVERSION = YES;
				CLANG_WARN_COMMA = YES;
				CLANG_WARN_CONSTANT_CONVERSION = YES;
				CLANG_WARN_DEPRECATED_OBJC_IMPLEMENTATIONS = YES;
				CLANG_WARN_DIRECT_OBJC_ISA_USAGE = YES_ERROR;
				CLANG_WARN_DOCUMENTATION_COMMENTS = YES;
				CLANG_WARN_EMPTY_BODY = YES;
				CLANG_WARN_ENUM_CONVERSION = YES;
				CLANG_WARN_INFINITE_RECURSION = YES;
				CLANG_WARN_INT_CONVERSION = YES;
				CLANG_WARN_NON_LITERAL_NULL_CONVERSION = YES;
				CLANG_WARN_OBJC_IMPLICIT_RETAIN_SELF = YES;
				CLANG_WARN_OBJC_LITERAL_CONVERSION = YES;
				CLANG_WARN_OBJC_ROOT_CLASS = YES_ERROR;
				CLANG_WARN_QUOTED_INCLUDE_IN_FRAMEWORK_HEADER = YES;
				CLANG_WARN_RANGE_LOOP_ANALYSIS = YES;
				CLANG_WARN_STRICT_PROTOTYPES = YES;
				CLANG_WARN_SUSPICIOUS_MOVE = YES;
				CLANG_WARN_UNGUARDED_AVAILABILITY = YES_AGGRESSIVE;
				CLANG_WARN_UNREACHABLE_CODE = YES;
				CLANG_WARN__DUPLICATE_METHOD_MATCH = YES;
				COPY_PHASE_STRIP = NO;
				DEAD_CODE_STRIPPING = YES;
				DEBUG_INFORMATION_FORMAT = dwarf;
				ENABLE_HARDENED_RUNTIME = YES;
				ENABLE_STRICT_OBJC_MSGSEND = YES;
				ENABLE_TESTABILITY = YES;
				GCC_C_LANGUAGE_STANDARD = gnu11;
				GCC_DYNAMIC_NO_PIC = NO;
				GCC_NO_COMMON_BLOCKS = YES;
				GCC_OPTIMIZATION_LEVEL = 0;
				GCC_PREPROCESSOR_DEFINITIONS = (
					"$(inherited)",
					"DEBUG=1",
				);
				GCC_WARN_64_TO_32_BIT_CONVERSION = YES;
				GCC_WARN_ABOUT_RETURN_TYPE = YES_ERROR;
				GCC_WARN_UNDECLARED_SELECTOR = YES;
				GCC_WARN_UNINITIALIZED_AUTOS = YES_AGGRESSIVE;
				GCC_WARN_UNUSED_FUNCTION = YES;
				GCC_WARN_UNUSED_VARIABLE = YES;
				GENERATE_INFOPLIST_FILE = YES;
				MACOSX_DEPLOYMENT_TARGET = 15.0;
				MTL_ENABLE_DEBUG_INFO = INCLUDE_SOURCE;
				MTL_FAST_MATH = YES;
				ONLY_ACTIVE_ARCH = YES;
				PRODUCT_NAME = "$(TARGET_NAME)";
				SDKROOT = macosx;
				SWIFT_ACTIVE_COMPILATION_CONDITIONS = DEBUG;
				SWIFT_EMIT_LOC_STRINGS = YES;
				SWIFT_OPTIMIZATION_LEVEL = "-Onone";
				SWIFT_STRICT_CONCURRENCY = complete;
				SWIFT_VERSION = 5.0;
			};
			name = Debug;
		};
		51F2DD30EF60F6181D970AD8 /* Release */ = {
			isa = XCBuildConfiguration;
			buildSettings = {
				ALWAYS_SEARCH_USER_PATHS = NO;
				ASSETCATALOG_COMPILER_GENERATE_SWIFT_ASSET_SYMBOL_EXTENSIONS = YES;
				CLANG_ANALYZER_NONNULL = YES;
				CLANG_ANALYZER_NUMBER_OBJECT_CONVERSION = YES_AGGRESSIVE;
				CLANG_CXX_LANGUAGE_STANDARD = "gnu++14";
				CLANG_CXX_LIBRARY = "libc++";
				CLANG_ENABLE_MODULES = YES;
				CLANG_ENABLE_OBJC_ARC = YES;
				CLANG_ENABLE_OBJC_WEAK = YES;
				CLANG_WARN_BLOCK_CAPTURE_AUTORELEASING = YES;
				CLANG_WARN_BOOL_CONVERSION = YES;
				CLANG_WARN_COMMA = YES;
				CLANG_WARN_CONSTANT_CONVERSION = YES;
				CLANG_WARN_DEPRECATED_OBJC_IMPLEMENTATIONS = YES;
				CLANG_WARN_DIRECT_OBJC_ISA_USAGE = YES_ERROR;
				CLANG_WARN_DOCUMENTATION_COMMENTS = YES;
				CLANG_WARN_EMPTY_BODY = YES;
				CLANG_WARN_ENUM_CONVERSION = YES;
				CLANG_WARN_INFINITE_RECURSION = YES;
				CLANG_WARN_INT_CONVERSION = YES;
				CLANG_WARN_NON_LITERAL_NULL_CONVERSION = YES;
				CLANG_WARN_OBJC_IMPLICIT_RETAIN_SELF = YES;
				CLANG_WARN_OBJC_LITERAL_CONVERSION = YES;
				CLANG_WARN_OBJC_ROOT_CLASS = YES_ERROR;
				CLANG_WARN_QUOTED_INCLUDE_IN_FRAMEWORK_HEADER = YES;
				CLANG_WARN_RANGE_LOOP_ANALYSIS = YES;
				CLANG_WARN_STRICT_PROTOTYPES = YES;
				CLANG_WARN_SUSPICIOUS_MOVE = YES;
				CLANG_WARN_UNGUARDED_AVAILABILITY = YES_AGGRESSIVE;
				CLANG_WARN_UNREACHABLE_CODE = YES;
				CLANG_WARN__DUPLICATE_METHOD_MATCH = YES;
				COPY_PHASE_STRIP = NO;
				DEAD_CODE_STRIPPING = YES;
				DEBUG_INFORMATION_FORMAT = "dwarf-with-dsym";
				ENABLE_HARDENED_RUNTIME = YES;
				ENABLE_NS_ASSERTIONS = NO;
				ENABLE_STRICT_OBJC_MSGSEND = YES;
				GCC_C_LANGUAGE_STANDARD = gnu11;
				GCC_NO_COMMON_BLOCKS = YES;
				GCC_WARN_64_TO_32_BIT_CONVERSION = YES;
				GCC_WARN_ABOUT_RETURN_TYPE = YES_ERROR;
				GCC_WARN_UNDECLARED_SELECTOR = YES;
				GCC_WARN_UNINITIALIZED_AUTOS = YES_AGGRESSIVE;
				GCC_WARN_UNUSED_FUNCTION = YES;
				GCC_WARN_UNUSED_VARIABLE = YES;
				GENERATE_INFOPLIST_FILE = YES;
				MACOSX_DEPLOYMENT_TARGET = 15.0;
				MTL_ENABLE_DEBUG_INFO = NO;
				MTL_FAST_MATH = YES;
				PRODUCT_NAME = "$(TARGET_NAME)";
				SDKROOT = macosx;
				SWIFT_COMPILATION_MODE = wholemodule;
				SWIFT_EMIT_LOC_STRINGS = YES;
				SWIFT_OPTIMIZATION_LEVEL = "-O";
				SWIFT_STRICT_CONCURRENCY = complete;
				SWIFT_VERSION = 5.0;
			};
			name = Release;
		};
		59DF50E9125FC13FB6614A65 /* Debug */ = {
			isa = XCBuildConfiguration;
			buildSettings = {
				ARCHS = arm64;
				ASSETCATALOG_COMPILER_APPICON_NAME = AppIcon;
				CODE_SIGN_ENTITLEMENTS = SaneBar/SaneBar.entitlements;
				CODE_SIGN_IDENTITY = "Apple Development";
				CODE_SIGN_INJECT_BASE_ENTITLEMENTS = YES;
				CODE_SIGN_STYLE = Manual;
				COMBINE_HIDPI_IMAGES = YES;
				CURRENT_PROJECT_VERSION = 3;
				DEVELOPMENT_TEAM = M78L6FXD48;
				ENABLE_PREVIEWS = YES;
				INFOPLIST_FILE = SaneBar/Info.plist;
				LD_RUNPATH_SEARCH_PATHS = (
					"$(inherited)",
					"@executable_path/../Frameworks",
				);
				MACOSX_DEPLOYMENT_TARGET = 15.0;
				MARKETING_VERSION = 1.0.3;
				PRODUCT_BUNDLE_IDENTIFIER = com.sanebar.app;
				PRODUCT_NAME = SaneBar;
				SDKROOT = macosx;
				SWIFT_VERSION = 6.0;
				VALID_ARCHS = arm64;
			};
			name = Debug;
		};
		B24286DDA1D88CB4A3727DF3 /* Debug */ = {
			isa = XCBuildConfiguration;
			buildSettings = {
				BUNDLE_LOADER = "$(TEST_HOST)";
				CODE_SIGN_IDENTITY = "Apple Development";
				CODE_SIGN_STYLE = Manual;
				COMBINE_HIDPI_IMAGES = YES;
				DEVELOPMENT_TEAM = M78L6FXD48;
				LD_RUNPATH_SEARCH_PATHS = (
					"$(inherited)",
					"@executable_path/../Frameworks",
					"@loader_path/../Frameworks",
				);
				PRODUCT_BUNDLE_IDENTIFIER = com.sanebar.SaneBarTests;
				SDKROOT = macosx;
				TEST_HOST = "$(BUILT_PRODUCTS_DIR)/SaneBar.app/Contents/MacOS/SaneBar";
			};
			name = Debug;
		};
		CFE7648E9EBDC2FBEB99D95E /* Release */ = {
			isa = XCBuildConfiguration;
			buildSettings = {
				BUNDLE_LOADER = "$(TEST_HOST)";
				CODE_SIGN_IDENTITY = "Apple Development";
				CODE_SIGN_STYLE = Manual;
				COMBINE_HIDPI_IMAGES = YES;
				DEVELOPMENT_TEAM = M78L6FXD48;
				LD_RUNPATH_SEARCH_PATHS = (
					"$(inherited)",
					"@executable_path/../Frameworks",
					"@loader_path/../Frameworks",
				);
				PRODUCT_BUNDLE_IDENTIFIER = com.sanebar.SaneBarTests;
				SDKROOT = macosx;
				TEST_HOST = "$(BUILT_PRODUCTS_DIR)/SaneBar.app/Contents/MacOS/SaneBar";
			};
			name = Release;
		};
		E718AB92A2E30FF70EB33906 /* Release */ = {
			isa = XCBuildConfiguration;
			buildSettings = {
				ARCHS = arm64;
				ASSETCATALOG_COMPILER_APPICON_NAME = AppIcon;
				CODE_SIGN_ENTITLEMENTS = SaneBar/SaneBar.entitlements;
				CODE_SIGN_IDENTITY = "Developer ID Application: Stephan Joseph (M78L6FXD48)";
				CODE_SIGN_INJECT_BASE_ENTITLEMENTS = YES;
				CODE_SIGN_STYLE = Manual;
				COMBINE_HIDPI_IMAGES = YES;
				CURRENT_PROJECT_VERSION = 3;
				DEVELOPMENT_TEAM = M78L6FXD48;
				ENABLE_PREVIEWS = YES;
				INFOPLIST_FILE = SaneBar/Info.plist;
				LD_RUNPATH_SEARCH_PATHS = (
					"$(inherited)",
					"@executable_path/../Frameworks",
				);
				MACOSX_DEPLOYMENT_TARGET = 15.0;
				MARKETING_VERSION = 1.0.3;
				PRODUCT_BUNDLE_IDENTIFIER = com.sanebar.app;
				PRODUCT_NAME = SaneBar;
				SDKROOT = macosx;
				SWIFT_VERSION = 6.0;
				VALID_ARCHS = arm64;
			};
			name = Release;
		};
/* End XCBuildConfiguration section */

/* Begin XCConfigurationList section */
		522DFAB53E640DC8E2C4B75C /* Build configuration list for PBXProject "SaneBar" */ = {
			isa = XCConfigurationList;
			buildConfigurations = (
				3A13B0DCEB3CB1B18D4E82BD /* Debug */,
				51F2DD30EF60F6181D970AD8 /* Release */,
			);
			defaultConfigurationIsVisible = 0;
			defaultConfigurationName = Debug;
		};
		6AFCDAF3F1C0A43572986D8F /* Build configuration list for PBXNativeTarget "SaneBarTests" */ = {
			isa = XCConfigurationList;
			buildConfigurations = (
				B24286DDA1D88CB4A3727DF3 /* Debug */,
				CFE7648E9EBDC2FBEB99D95E /* Release */,
			);
			defaultConfigurationIsVisible = 0;
			defaultConfigurationName = Debug;
		};
		7D12CB2E7AC314BA2DBF0C93 /* Build configuration list for PBXNativeTarget "SaneBar" */ = {
			isa = XCConfigurationList;
			buildConfigurations = (
				59DF50E9125FC13FB6614A65 /* Debug */,
				E718AB92A2E30FF70EB33906 /* Release */,
			);
			defaultConfigurationIsVisible = 0;
			defaultConfigurationName = Debug;
		};
/* End XCConfigurationList section */

/* Begin XCRemoteSwiftPackageReference section */
		39041A02CE7188B0B094F557 /* XCRemoteSwiftPackageReference "LaunchAtLogin-Modern" */ = {
			isa = XCRemoteSwiftPackageReference;
			repositoryURL = "https://github.com/sindresorhus/LaunchAtLogin-Modern";
			requirement = {
				kind = upToNextMajorVersion;
				minimumVersion = 1.0.0;
			};
		};
		D2D0D47940BF0BB98E9639FA /* XCRemoteSwiftPackageReference "KeyboardShortcuts" */ = {
			isa = XCRemoteSwiftPackageReference;
			repositoryURL = "https://github.com/sindresorhus/KeyboardShortcuts";
			requirement = {
				kind = upToNextMajorVersion;
				minimumVersion = 2.0.0;
			};
		};
/* End XCRemoteSwiftPackageReference section */

/* Begin XCSwiftPackageProductDependency section */
		E264258C707319B447D489AC /* KeyboardShortcuts */ = {
			isa = XCSwiftPackageProductDependency;
			package = D2D0D47940BF0BB98E9639FA /* XCRemoteSwiftPackageReference "KeyboardShortcuts" */;
			productName = KeyboardShortcuts;
		};
		E9C15D05272B9E2F506E6168 /* LaunchAtLogin */ = {
			isa = XCSwiftPackageProductDependency;
			package = 39041A02CE7188B0B094F557 /* XCRemoteSwiftPackageReference "LaunchAtLogin-Modern" */;
			productName = LaunchAtLogin;
		};
/* End XCSwiftPackageProductDependency section */
	};
	rootObject = 949C056D9FA5414C0976C5F5 /* Project object */;
}
