// !$*UTF8*$!
{
	archiveVersion = 1;
	classes = {
	};
	objectVersion = 77;
	objects = {

/* Begin PBXBuildFile section */
		0EDCE71282E9C7A8C2F4C162 /* UsageStatsViewTests.swift in Sources */ = {isa = PBXBuildFile; fileRef = 42DA6817EBB9252FF4116BAA /* UsageStatsViewTests.swift */; };
		15EFB59407E05434E4439A95 /* EventService.swift in Sources */ = {isa = PBXBuildFile; fileRef = 2376F0B770B78169B385C0A3 /* EventService.swift */; };
		1DC8F575031401E9D2A5F64F /* KeyboardShortcuts in Frameworks */ = {isa = PBXBuildFile; productRef = E264258C707319B447D489AC /* KeyboardShortcuts */; };
		23E399CD29C9ED572E7E7EED /* SuggestionsService.swift in Sources */ = {isa = PBXBuildFile; fileRef = D349A8CA4B312F212E2C9CB4 /* SuggestionsService.swift */; };
		26C011FADD92026F6A449E45 /* SettingsViewTests.swift in Sources */ = {isa = PBXBuildFile; fileRef = 558E94F228CE67062BA757E9 /* SettingsViewTests.swift */; };
		2707D76CD66BCD93E8B26348 /* EventServiceTests.swift in Sources */ = {isa = PBXBuildFile; fileRef = 19FD9D185F4FC4F87A37098D /* EventServiceTests.swift */; };
		29974F41BD3FBEE915CF45C3 /* ProfilesView.swift in Sources */ = {isa = PBXBuildFile; fileRef = 020608E925672C32F3F5FEDF /* ProfilesView.swift */; };
		2B73CA2DD25A0FFCD1F7D7D2 /* HidingService.swift in Sources */ = {isa = PBXBuildFile; fileRef = 94B8376513461FDCE0D56D48 /* HidingService.swift */; };
		2FB979E3BCE4051D2E2BAC8E /* StatusItemModel.swift in Sources */ = {isa = PBXBuildFile; fileRef = AA2BC5BBE6A904EE1A628082 /* StatusItemModel.swift */; };
		37F4EDD85F4FC4DFF497E9A4 /* Assets.xcassets in Resources */ = {isa = PBXBuildFile; fileRef = 0752D3D1CCD73101C00C78C2 /* Assets.xcassets */; };
		4BB57A977B2FA35AACEC546A /* MenuBarIconTests.swift in Sources */ = {isa = PBXBuildFile; fileRef = 3A4E8C7196537C29BE3066FE /* MenuBarIconTests.swift */; };
		4FEA6AD39795B231A0214BB0 /* StatusItemRow.swift in Sources */ = {isa = PBXBuildFile; fileRef = C4F88199356D52B9677F7643 /* StatusItemRow.swift */; };
		5A27ECEE021CB4B2DA74D169 /* IconServiceTests.swift in Sources */ = {isa = PBXBuildFile; fileRef = 6BBBAEAF6472F27F647186E0 /* IconServiceTests.swift */; };
		5C22295993EFF0A7E32B1670 /* SaneBarApp.swift in Sources */ = {isa = PBXBuildFile; fileRef = 1DC1DEABE0AD3084ABB62CF5 /* SaneBarApp.swift */; };
		6058F0413BCB264ACEF6D25C /* SuggestionsServiceTests.swift in Sources */ = {isa = PBXBuildFile; fileRef = E458DE73F8B1CC979F4B753F /* SuggestionsServiceTests.swift */; };
		61D55161B67B30D75C3B14C2 /* PermissionService.swift in Sources */ = {isa = PBXBuildFile; fileRef = C3421DFEC06B718721E59CCB /* PermissionService.swift */; };
		6EB978727259DBDB0C8D3604 /* HoverService.swift in Sources */ = {isa = PBXBuildFile; fileRef = 4C0B1C1B3F989733A71F1C53 /* HoverService.swift */; };
		7232DCD90DE115ED65B277F6 /* ProfileServiceTests.swift in Sources */ = {isa = PBXBuildFile; fileRef = 52D7C372AA4DAB4E38FBEADA /* ProfileServiceTests.swift */; };
		7EB184D9BA18ACBE58E213D8 /* PermissionServiceTests.swift in Sources */ = {isa = PBXBuildFile; fileRef = 85919ED0716C9D83D069D3C3 /* PermissionServiceTests.swift */; };
		8E33C3A54BBCC58D221E0B84 /* KeyboardShortcutsServiceTests.swift in Sources */ = {isa = PBXBuildFile; fileRef = F9F27D14054F715EE6BFF0C5 /* KeyboardShortcutsServiceTests.swift */; };
		90018A351B057A581E39CD83 /* PermissionRequestView.swift in Sources */ = {isa = PBXBuildFile; fileRef = 83871F13AB8CFA776D0ABA14 /* PermissionRequestView.swift */; };
		91A2D437F752D6E46F14DC08 /* SearchWindowControllerTests.swift in Sources */ = {isa = PBXBuildFile; fileRef = 9F355489A098017EB8389250 /* SearchWindowControllerTests.swift */; };
		959AE6736867A0FC2639D30C /* HoverServiceTests.swift in Sources */ = {isa = PBXBuildFile; fileRef = CAA02FC2E1A7F5DD0FD330B5 /* HoverServiceTests.swift */; };
		989984BF940C74CFBCF07B3F /* MenuBarSearchView.swift in Sources */ = {isa = PBXBuildFile; fileRef = B5C66F68876450A14661CBF6 /* MenuBarSearchView.swift */; };
		9BC52E05D50B842C329F419F /* SaneBarTests.swift in Sources */ = {isa = PBXBuildFile; fileRef = AC8DFCDA1C4025F24D61245B /* SaneBarTests.swift */; };
		A0C50D5E25A04B6896F997D6 /* AccessibilityService.swift in Sources */ = {isa = PBXBuildFile; fileRef = 9C742574D88EB9D36FD7B9DA /* AccessibilityService.swift */; };
		A31A1121AA09ACA4DB5061D0 /* SearchWindowController.swift in Sources */ = {isa = PBXBuildFile; fileRef = 9911A7251AE151FCA164258D /* SearchWindowController.swift */; };
		A583F001627821380801AED9 /* PersistenceServiceTests.swift in Sources */ = {isa = PBXBuildFile; fileRef = A1048F0D4BA791A53CF0D482 /* PersistenceServiceTests.swift */; };
		AB4408C25FF0C5FC4F914D66 /* HidingServiceTests.swift in Sources */ = {isa = PBXBuildFile; fileRef = B3A01CA95F5F638F8643776B /* HidingServiceTests.swift */; };
		AD49F17E4268EA29A167A23E /* ProfileService.swift in Sources */ = {isa = PBXBuildFile; fileRef = 971AECBBE401F1377B6E7D59 /* ProfileService.swift */; };
		B18DB5237FDC51CEA39A40D5 /* SettingsView.swift in Sources */ = {isa = PBXBuildFile; fileRef = 6D9BA08257DC5AD1543DD4C9 /* SettingsView.swift */; };
		B207D8C90670B575527260F2 /* KeyboardShortcutsService.swift in Sources */ = {isa = PBXBuildFile; fileRef = 23E2D67002C964909F979DC3 /* KeyboardShortcutsService.swift */; };
		B6B2CD2D4CD087C383D7ED63 /* PersistenceService.swift in Sources */ = {isa = PBXBuildFile; fileRef = B24E45F7A61568E66AD0C4B3 /* PersistenceService.swift */; };
		BAE6F3E7D2DC889FFDB79BCA /* Mocks.swift in Sources */ = {isa = PBXBuildFile; fileRef = 279B371659C5F49AC26F024E /* Mocks.swift */; };
		C6D235BA832CD11B9DAE6ADD /* MenuBarManager.swift in Sources */ = {isa = PBXBuildFile; fileRef = 1905495077B20635EBB95815 /* MenuBarManager.swift */; };
		D380B5F6DA8F9378FBE90A23 /* AccessibilityServiceTests.swift in Sources */ = {isa = PBXBuildFile; fileRef = 41439DA42C1E6C2FB079D071 /* AccessibilityServiceTests.swift */; };
		D59F3C250CBFF3176AC59209 /* SuggestionsView.swift in Sources */ = {isa = PBXBuildFile; fileRef = D8CFFD95BDDAC5E05A60C6D8 /* SuggestionsView.swift */; };
		DCF0E3908CDDA68895D28BD0 /* UsageStatsView.swift in Sources */ = {isa = PBXBuildFile; fileRef = FD3BC4B3AE6E4B259CC1ECF8 /* UsageStatsView.swift */; };
		F4D96BB5988A1A7484739596 /* IconService.swift in Sources */ = {isa = PBXBuildFile; fileRef = 97F4B2A30525A4EC50AE1A66 /* IconService.swift */; };
		F989BD2C0C70795F414A16B7 /* MenuBarManagerTests.swift in Sources */ = {isa = PBXBuildFile; fileRef = E1B8F87A5FFE2F2F93CB39EF /* MenuBarManagerTests.swift */; };
/* End PBXBuildFile section */

/* Begin PBXContainerItemProxy section */
		235747F6592EF6725DD8188B /* PBXContainerItemProxy */ = {
			isa = PBXContainerItemProxy;
			containerPortal = 949C056D9FA5414C0976C5F5 /* Project object */;
			proxyType = 1;
			remoteGlobalIDString = 1951DC8E5DD83CFDC1E5875B;
			remoteInfo = SaneBar;
		};
/* End PBXContainerItemProxy section */

/* Begin PBXFileReference section */
		020608E925672C32F3F5FEDF /* ProfilesView.swift */ = {isa = PBXFileReference; lastKnownFileType = sourcecode.swift; path = ProfilesView.swift; sourceTree = "<group>"; };
		0752D3D1CCD73101C00C78C2 /* Assets.xcassets */ = {isa = PBXFileReference; lastKnownFileType = folder.assetcatalog; path = Assets.xcassets; sourceTree = "<group>"; };
		1905495077B20635EBB95815 /* MenuBarManager.swift */ = {isa = PBXFileReference; lastKnownFileType = sourcecode.swift; path = MenuBarManager.swift; sourceTree = "<group>"; };
		19FD9D185F4FC4F87A37098D /* EventServiceTests.swift */ = {isa = PBXFileReference; lastKnownFileType = sourcecode.swift; path = EventServiceTests.swift; sourceTree = "<group>"; };
		1DC1DEABE0AD3084ABB62CF5 /* SaneBarApp.swift */ = {isa = PBXFileReference; lastKnownFileType = sourcecode.swift; path = SaneBarApp.swift; sourceTree = "<group>"; };
		2376F0B770B78169B385C0A3 /* EventService.swift */ = {isa = PBXFileReference; lastKnownFileType = sourcecode.swift; path = EventService.swift; sourceTree = "<group>"; };
		23E2D67002C964909F979DC3 /* KeyboardShortcutsService.swift */ = {isa = PBXFileReference; lastKnownFileType = sourcecode.swift; path = KeyboardShortcutsService.swift; sourceTree = "<group>"; };
		279B371659C5F49AC26F024E /* Mocks.swift */ = {isa = PBXFileReference; lastKnownFileType = sourcecode.swift; path = Mocks.swift; sourceTree = "<group>"; };
		3A4E8C7196537C29BE3066FE /* MenuBarIconTests.swift */ = {isa = PBXFileReference; lastKnownFileType = sourcecode.swift; path = MenuBarIconTests.swift; sourceTree = "<group>"; };
		41439DA42C1E6C2FB079D071 /* AccessibilityServiceTests.swift */ = {isa = PBXFileReference; lastKnownFileType = sourcecode.swift; path = AccessibilityServiceTests.swift; sourceTree = "<group>"; };
		42DA6817EBB9252FF4116BAA /* UsageStatsViewTests.swift */ = {isa = PBXFileReference; lastKnownFileType = sourcecode.swift; path = UsageStatsViewTests.swift; sourceTree = "<group>"; };
		4C0B1C1B3F989733A71F1C53 /* HoverService.swift */ = {isa = PBXFileReference; lastKnownFileType = sourcecode.swift; path = HoverService.swift; sourceTree = "<group>"; };
		52D7C372AA4DAB4E38FBEADA /* ProfileServiceTests.swift */ = {isa = PBXFileReference; lastKnownFileType = sourcecode.swift; path = ProfileServiceTests.swift; sourceTree = "<group>"; };
		558E94F228CE67062BA757E9 /* SettingsViewTests.swift */ = {isa = PBXFileReference; lastKnownFileType = sourcecode.swift; path = SettingsViewTests.swift; sourceTree = "<group>"; };
		67AFF893E4BCBB6A30235E67 /* SaneBarTests.xctest */ = {isa = PBXFileReference; explicitFileType = wrapper.cfbundle; includeInIndex = 0; path = SaneBarTests.xctest; sourceTree = BUILT_PRODUCTS_DIR; };
		6BBBAEAF6472F27F647186E0 /* IconServiceTests.swift */ = {isa = PBXFileReference; lastKnownFileType = sourcecode.swift; path = IconServiceTests.swift; sourceTree = "<group>"; };
		6D9BA08257DC5AD1543DD4C9 /* SettingsView.swift */ = {isa = PBXFileReference; lastKnownFileType = sourcecode.swift; path = SettingsView.swift; sourceTree = "<group>"; };
		83871F13AB8CFA776D0ABA14 /* PermissionRequestView.swift */ = {isa = PBXFileReference; lastKnownFileType = sourcecode.swift; path = PermissionRequestView.swift; sourceTree = "<group>"; };
		85919ED0716C9D83D069D3C3 /* PermissionServiceTests.swift */ = {isa = PBXFileReference; lastKnownFileType = sourcecode.swift; path = PermissionServiceTests.swift; sourceTree = "<group>"; };
		94B8376513461FDCE0D56D48 /* HidingService.swift */ = {isa = PBXFileReference; lastKnownFileType = sourcecode.swift; path = HidingService.swift; sourceTree = "<group>"; };
		971AECBBE401F1377B6E7D59 /* ProfileService.swift */ = {isa = PBXFileReference; lastKnownFileType = sourcecode.swift; path = ProfileService.swift; sourceTree = "<group>"; };
		97F4B2A30525A4EC50AE1A66 /* IconService.swift */ = {isa = PBXFileReference; lastKnownFileType = sourcecode.swift; path = IconService.swift; sourceTree = "<group>"; };
		9911A7251AE151FCA164258D /* SearchWindowController.swift */ = {isa = PBXFileReference; lastKnownFileType = sourcecode.swift; path = SearchWindowController.swift; sourceTree = "<group>"; };
		9C742574D88EB9D36FD7B9DA /* AccessibilityService.swift */ = {isa = PBXFileReference; lastKnownFileType = sourcecode.swift; path = AccessibilityService.swift; sourceTree = "<group>"; };
		9F355489A098017EB8389250 /* SearchWindowControllerTests.swift */ = {isa = PBXFileReference; lastKnownFileType = sourcecode.swift; path = SearchWindowControllerTests.swift; sourceTree = "<group>"; };
		A1048F0D4BA791A53CF0D482 /* PersistenceServiceTests.swift */ = {isa = PBXFileReference; lastKnownFileType = sourcecode.swift; path = PersistenceServiceTests.swift; sourceTree = "<group>"; };
		AA2BC5BBE6A904EE1A628082 /* StatusItemModel.swift */ = {isa = PBXFileReference; lastKnownFileType = sourcecode.swift; path = StatusItemModel.swift; sourceTree = "<group>"; };
		AC8DFCDA1C4025F24D61245B /* SaneBarTests.swift */ = {isa = PBXFileReference; lastKnownFileType = sourcecode.swift; path = SaneBarTests.swift; sourceTree = "<group>"; };
		B24E45F7A61568E66AD0C4B3 /* PersistenceService.swift */ = {isa = PBXFileReference; lastKnownFileType = sourcecode.swift; path = PersistenceService.swift; sourceTree = "<group>"; };
		B3A01CA95F5F638F8643776B /* HidingServiceTests.swift */ = {isa = PBXFileReference; lastKnownFileType = sourcecode.swift; path = HidingServiceTests.swift; sourceTree = "<group>"; };
		B5C66F68876450A14661CBF6 /* MenuBarSearchView.swift */ = {isa = PBXFileReference; lastKnownFileType = sourcecode.swift; path = MenuBarSearchView.swift; sourceTree = "<group>"; };
		C3421DFEC06B718721E59CCB /* PermissionService.swift */ = {isa = PBXFileReference; lastKnownFileType = sourcecode.swift; path = PermissionService.swift; sourceTree = "<group>"; };
		C4F88199356D52B9677F7643 /* StatusItemRow.swift */ = {isa = PBXFileReference; lastKnownFileType = sourcecode.swift; path = StatusItemRow.swift; sourceTree = "<group>"; };
		CAA02FC2E1A7F5DD0FD330B5 /* HoverServiceTests.swift */ = {isa = PBXFileReference; lastKnownFileType = sourcecode.swift; path = HoverServiceTests.swift; sourceTree = "<group>"; };
		D349A8CA4B312F212E2C9CB4 /* SuggestionsService.swift */ = {isa = PBXFileReference; lastKnownFileType = sourcecode.swift; path = SuggestionsService.swift; sourceTree = "<group>"; };
		D8CFFD95BDDAC5E05A60C6D8 /* SuggestionsView.swift */ = {isa = PBXFileReference; lastKnownFileType = sourcecode.swift; path = SuggestionsView.swift; sourceTree = "<group>"; };
		E1B8F87A5FFE2F2F93CB39EF /* MenuBarManagerTests.swift */ = {isa = PBXFileReference; lastKnownFileType = sourcecode.swift; path = MenuBarManagerTests.swift; sourceTree = "<group>"; };
		E2110BC48727749AB5BC8606 /* SaneBar.app */ = {isa = PBXFileReference; explicitFileType = wrapper.application; includeInIndex = 0; path = SaneBar.app; sourceTree = BUILT_PRODUCTS_DIR; };
		E458DE73F8B1CC979F4B753F /* SuggestionsServiceTests.swift */ = {isa = PBXFileReference; lastKnownFileType = sourcecode.swift; path = SuggestionsServiceTests.swift; sourceTree = "<group>"; };
		F9F27D14054F715EE6BFF0C5 /* KeyboardShortcutsServiceTests.swift */ = {isa = PBXFileReference; lastKnownFileType = sourcecode.swift; path = KeyboardShortcutsServiceTests.swift; sourceTree = "<group>"; };
		FD3BC4B3AE6E4B259CC1ECF8 /* UsageStatsView.swift */ = {isa = PBXFileReference; lastKnownFileType = sourcecode.swift; path = UsageStatsView.swift; sourceTree = "<group>"; };
/* End PBXFileReference section */

/* Begin PBXFrameworksBuildPhase section */
		729C80327D9CB1836E32E1C5 /* Frameworks */ = {
			isa = PBXFrameworksBuildPhase;
			buildActionMask = 2147483647;
			files = (
				1DC8F575031401E9D2A5F64F /* KeyboardShortcuts in Frameworks */,
			);
			runOnlyForDeploymentPostprocessing = 0;
		};
/* End PBXFrameworksBuildPhase section */

/* Begin PBXGroup section */
		069C3A0FC8F35C1CEEE6717E /* SearchWindow */ = {
			isa = PBXGroup;
			children = (
				B5C66F68876450A14661CBF6 /* MenuBarSearchView.swift */,
				9911A7251AE151FCA164258D /* SearchWindowController.swift */,
			);
			path = SearchWindow;
			sourceTree = "<group>";
		};
		0DD89DD44DE1F44FF53B12A4 /* UI */ = {
			isa = PBXGroup;
			children = (
				020608E925672C32F3F5FEDF /* ProfilesView.swift */,
				6D9BA08257DC5AD1543DD4C9 /* SettingsView.swift */,
				D8CFFD95BDDAC5E05A60C6D8 /* SuggestionsView.swift */,
				FD3BC4B3AE6E4B259CC1ECF8 /* UsageStatsView.swift */,
				9C3C6E73E33B43B37B3BB914 /* Components */,
				DD3ACAD89E4993B47949F32C /* Onboarding */,
				069C3A0FC8F35C1CEEE6717E /* SearchWindow */,
			);
			path = UI;
			sourceTree = "<group>";
		};
		409A8D62B36CC252BED0A4E4 /* Resources */ = {
			isa = PBXGroup;
			children = (
				0752D3D1CCD73101C00C78C2 /* Assets.xcassets */,
			);
			path = Resources;
			sourceTree = "<group>";
		};
		5FE61272586955420BA4EDE2 /* Tests */ = {
			isa = PBXGroup;
			children = (
				41439DA42C1E6C2FB079D071 /* AccessibilityServiceTests.swift */,
				19FD9D185F4FC4F87A37098D /* EventServiceTests.swift */,
				B3A01CA95F5F638F8643776B /* HidingServiceTests.swift */,
				CAA02FC2E1A7F5DD0FD330B5 /* HoverServiceTests.swift */,
				6BBBAEAF6472F27F647186E0 /* IconServiceTests.swift */,
				F9F27D14054F715EE6BFF0C5 /* KeyboardShortcutsServiceTests.swift */,
				3A4E8C7196537C29BE3066FE /* MenuBarIconTests.swift */,
				E1B8F87A5FFE2F2F93CB39EF /* MenuBarManagerTests.swift */,
				85919ED0716C9D83D069D3C3 /* PermissionServiceTests.swift */,
				A1048F0D4BA791A53CF0D482 /* PersistenceServiceTests.swift */,
				52D7C372AA4DAB4E38FBEADA /* ProfileServiceTests.swift */,
				AC8DFCDA1C4025F24D61245B /* SaneBarTests.swift */,
				9F355489A098017EB8389250 /* SearchWindowControllerTests.swift */,
				558E94F228CE67062BA757E9 /* SettingsViewTests.swift */,
				E458DE73F8B1CC979F4B753F /* SuggestionsServiceTests.swift */,
				42DA6817EBB9252FF4116BAA /* UsageStatsViewTests.swift */,
				950DDE1E30D9E518020538CE /* Mocks */,
			);
			path = Tests;
			sourceTree = "<group>";
		};
		60D7115FA8248A53889C5923 = {
			isa = PBXGroup;
			children = (
				1DC1DEABE0AD3084ABB62CF5 /* SaneBarApp.swift */,
				90F8FA130E087A281C816B2A /* Core */,
				409A8D62B36CC252BED0A4E4 /* Resources */,
				5FE61272586955420BA4EDE2 /* Tests */,
				0DD89DD44DE1F44FF53B12A4 /* UI */,
				D14A5D400198233C0D7C948F /* Products */,
			);
			sourceTree = "<group>";
		};
		90F8FA130E087A281C816B2A /* Core */ = {
			isa = PBXGroup;
			children = (
				1905495077B20635EBB95815 /* MenuBarManager.swift */,
				9B59B9EFDE3FBE4F62C13BDD /* Models */,
				F4D16756A6A53AD0A4F56F30 /* Services */,
			);
			path = Core;
			sourceTree = "<group>";
		};
		950DDE1E30D9E518020538CE /* Mocks */ = {
			isa = PBXGroup;
			children = (
				279B371659C5F49AC26F024E /* Mocks.swift */,
			);
			path = Mocks;
			sourceTree = "<group>";
		};
		9B59B9EFDE3FBE4F62C13BDD /* Models */ = {
			isa = PBXGroup;
			children = (
				AA2BC5BBE6A904EE1A628082 /* StatusItemModel.swift */,
			);
			path = Models;
			sourceTree = "<group>";
		};
		9C3C6E73E33B43B37B3BB914 /* Components */ = {
			isa = PBXGroup;
			children = (
				C4F88199356D52B9677F7643 /* StatusItemRow.swift */,
			);
			path = Components;
			sourceTree = "<group>";
		};
		D14A5D400198233C0D7C948F /* Products */ = {
			isa = PBXGroup;
			children = (
				E2110BC48727749AB5BC8606 /* SaneBar.app */,
				67AFF893E4BCBB6A30235E67 /* SaneBarTests.xctest */,
			);
			name = Products;
			sourceTree = "<group>";
		};
		DD3ACAD89E4993B47949F32C /* Onboarding */ = {
			isa = PBXGroup;
			children = (
				83871F13AB8CFA776D0ABA14 /* PermissionRequestView.swift */,
			);
			path = Onboarding;
			sourceTree = "<group>";
		};
		F4D16756A6A53AD0A4F56F30 /* Services */ = {
			isa = PBXGroup;
			children = (
				9C742574D88EB9D36FD7B9DA /* AccessibilityService.swift */,
				2376F0B770B78169B385C0A3 /* EventService.swift */,
				94B8376513461FDCE0D56D48 /* HidingService.swift */,
				4C0B1C1B3F989733A71F1C53 /* HoverService.swift */,
				97F4B2A30525A4EC50AE1A66 /* IconService.swift */,
				23E2D67002C964909F979DC3 /* KeyboardShortcutsService.swift */,
				C3421DFEC06B718721E59CCB /* PermissionService.swift */,
				B24E45F7A61568E66AD0C4B3 /* PersistenceService.swift */,
				971AECBBE401F1377B6E7D59 /* ProfileService.swift */,
				D349A8CA4B312F212E2C9CB4 /* SuggestionsService.swift */,
			);
			path = Services;
			sourceTree = "<group>";
		};
/* End PBXGroup section */

/* Begin PBXNativeTarget section */
		020A0F6219F4EE96F9923799 /* SaneBarTests */ = {
			isa = PBXNativeTarget;
			buildConfigurationList = 6AFCDAF3F1C0A43572986D8F /* Build configuration list for PBXNativeTarget "SaneBarTests" */;
			buildPhases = (
				6CB7510505531FA222E573BD /* Sources */,
			);
			buildRules = (
			);
			dependencies = (
				21C773D88B8319827F244214 /* PBXTargetDependency */,
			);
			name = SaneBarTests;
			packageProductDependencies = (
			);
			productName = SaneBarTests;
			productReference = 67AFF893E4BCBB6A30235E67 /* SaneBarTests.xctest */;
			productType = "com.apple.product-type.bundle.unit-test";
		};
		1951DC8E5DD83CFDC1E5875B /* SaneBar */ = {
			isa = PBXNativeTarget;
			buildConfigurationList = 7D12CB2E7AC314BA2DBF0C93 /* Build configuration list for PBXNativeTarget "SaneBar" */;
			buildPhases = (
				BCAA4198F23E060F2B23D0CE /* Sources */,
				ACD4857716FE2B4BB6D40D67 /* Run SwiftLint */,
				FEB2BBAEB007C7EC59786730 /* Resources */,
				729C80327D9CB1836E32E1C5 /* Frameworks */,
			);
			buildRules = (
			);
			dependencies = (
			);
			name = SaneBar;
			packageProductDependencies = (
				E264258C707319B447D489AC /* KeyboardShortcuts */,
			);
			productName = SaneBar;
			productReference = E2110BC48727749AB5BC8606 /* SaneBar.app */;
			productType = "com.apple.product-type.application";
		};
/* End PBXNativeTarget section */

/* Begin PBXProject section */
		949C056D9FA5414C0976C5F5 /* Project object */ = {
			isa = PBXProject;
			attributes = {
				BuildIndependentTargetsInParallel = YES;
				LastUpgradeCheck = 1430;
				TargetAttributes = {
					1951DC8E5DD83CFDC1E5875B = {
						DevelopmentTeam = M78L6FXD48;
						ProvisioningStyle = Manual;
					};
				};
			};
			buildConfigurationList = 522DFAB53E640DC8E2C4B75C /* Build configuration list for PBXProject "SaneBar" */;
			compatibilityVersion = "Xcode 14.0";
			developmentRegion = en;
			hasScannedForEncodings = 0;
			knownRegions = (
				Base,
				en,
			);
			mainGroup = 60D7115FA8248A53889C5923;
			minimizedProjectReferenceProxies = 1;
			packageReferences = (
				D2D0D47940BF0BB98E9639FA /* XCRemoteSwiftPackageReference "KeyboardShortcuts" */,
			);
			preferredProjectObjectVersion = 77;
			projectDirPath = "";
			projectRoot = "";
			targets = (
				1951DC8E5DD83CFDC1E5875B /* SaneBar */,
				020A0F6219F4EE96F9923799 /* SaneBarTests */,
			);
		};
/* End PBXProject section */

/* Begin PBXResourcesBuildPhase section */
		FEB2BBAEB007C7EC59786730 /* Resources */ = {
			isa = PBXResourcesBuildPhase;
			buildActionMask = 2147483647;
			files = (
				37F4EDD85F4FC4DFF497E9A4 /* Assets.xcassets in Resources */,
			);
			runOnlyForDeploymentPostprocessing = 0;
		};
/* End PBXResourcesBuildPhase section */

/* Begin PBXShellScriptBuildPhase section */
		ACD4857716FE2B4BB6D40D67 /* Run SwiftLint */ = {
			isa = PBXShellScriptBuildPhase;
			buildActionMask = 2147483647;
			files = (
			);
			inputFileListPaths = (
			);
			inputPaths = (
			);
			name = "Run SwiftLint";
			outputFileListPaths = (
			);
			outputPaths = (
			);
			runOnlyForDeploymentPostprocessing = 0;
			shellPath = /bin/sh;
			shellScript = "if which swiftlint >/dev/null; then\n  swiftlint . || true\nelse\n  echo \"warning: SwiftLint not installed\"\nfi\n";
		};
/* End PBXShellScriptBuildPhase section */

/* Begin PBXSourcesBuildPhase section */
		6CB7510505531FA222E573BD /* Sources */ = {
			isa = PBXSourcesBuildPhase;
			buildActionMask = 2147483647;
			files = (
				D380B5F6DA8F9378FBE90A23 /* AccessibilityServiceTests.swift in Sources */,
				2707D76CD66BCD93E8B26348 /* EventServiceTests.swift in Sources */,
				AB4408C25FF0C5FC4F914D66 /* HidingServiceTests.swift in Sources */,
				959AE6736867A0FC2639D30C /* HoverServiceTests.swift in Sources */,
				5A27ECEE021CB4B2DA74D169 /* IconServiceTests.swift in Sources */,
				8E33C3A54BBCC58D221E0B84 /* KeyboardShortcutsServiceTests.swift in Sources */,
				4BB57A977B2FA35AACEC546A /* MenuBarIconTests.swift in Sources */,
				F989BD2C0C70795F414A16B7 /* MenuBarManagerTests.swift in Sources */,
				BAE6F3E7D2DC889FFDB79BCA /* Mocks.swift in Sources */,
				7EB184D9BA18ACBE58E213D8 /* PermissionServiceTests.swift in Sources */,
				A583F001627821380801AED9 /* PersistenceServiceTests.swift in Sources */,
				7232DCD90DE115ED65B277F6 /* ProfileServiceTests.swift in Sources */,
				9BC52E05D50B842C329F419F /* SaneBarTests.swift in Sources */,
				91A2D437F752D6E46F14DC08 /* SearchWindowControllerTests.swift in Sources */,
				26C011FADD92026F6A449E45 /* SettingsViewTests.swift in Sources */,
				6058F0413BCB264ACEF6D25C /* SuggestionsServiceTests.swift in Sources */,
				0EDCE71282E9C7A8C2F4C162 /* UsageStatsViewTests.swift in Sources */,
			);
			runOnlyForDeploymentPostprocessing = 0;
		};
		BCAA4198F23E060F2B23D0CE /* Sources */ = {
			isa = PBXSourcesBuildPhase;
			buildActionMask = 2147483647;
			files = (
				A0C50D5E25A04B6896F997D6 /* AccessibilityService.swift in Sources */,
				15EFB59407E05434E4439A95 /* EventService.swift in Sources */,
				2B73CA2DD25A0FFCD1F7D7D2 /* HidingService.swift in Sources */,
				6EB978727259DBDB0C8D3604 /* HoverService.swift in Sources */,
				F4D96BB5988A1A7484739596 /* IconService.swift in Sources */,
				B207D8C90670B575527260F2 /* KeyboardShortcutsService.swift in Sources */,
				C6D235BA832CD11B9DAE6ADD /* MenuBarManager.swift in Sources */,
				989984BF940C74CFBCF07B3F /* MenuBarSearchView.swift in Sources */,
				90018A351B057A581E39CD83 /* PermissionRequestView.swift in Sources */,
				61D55161B67B30D75C3B14C2 /* PermissionService.swift in Sources */,
				B6B2CD2D4CD087C383D7ED63 /* PersistenceService.swift in Sources */,
				AD49F17E4268EA29A167A23E /* ProfileService.swift in Sources */,
				29974F41BD3FBEE915CF45C3 /* ProfilesView.swift in Sources */,
				5C22295993EFF0A7E32B1670 /* SaneBarApp.swift in Sources */,
				A31A1121AA09ACA4DB5061D0 /* SearchWindowController.swift in Sources */,
				B18DB5237FDC51CEA39A40D5 /* SettingsView.swift in Sources */,
				2FB979E3BCE4051D2E2BAC8E /* StatusItemModel.swift in Sources */,
				4FEA6AD39795B231A0214BB0 /* StatusItemRow.swift in Sources */,
				23E399CD29C9ED572E7E7EED /* SuggestionsService.swift in Sources */,
				D59F3C250CBFF3176AC59209 /* SuggestionsView.swift in Sources */,
				DCF0E3908CDDA68895D28BD0 /* UsageStatsView.swift in Sources */,
			);
			runOnlyForDeploymentPostprocessing = 0;
		};
/* End PBXSourcesBuildPhase section */

/* Begin PBXTargetDependency section */
		21C773D88B8319827F244214 /* PBXTargetDependency */ = {
			isa = PBXTargetDependency;
			target = 1951DC8E5DD83CFDC1E5875B /* SaneBar */;
			targetProxy = 235747F6592EF6725DD8188B /* PBXContainerItemProxy */;
		};
/* End PBXTargetDependency section */

/* Begin XCBuildConfiguration section */
		3A13B0DCEB3CB1B18D4E82BD /* Debug */ = {
			isa = XCBuildConfiguration;
			buildSettings = {
				ALWAYS_SEARCH_USER_PATHS = NO;
				ASSETCATALOG_COMPILER_GENERATE_SWIFT_ASSET_SYMBOL_EXTENSIONS = YES;
				CLANG_ANALYZER_NONNULL = YES;
				CLANG_ANALYZER_NUMBER_OBJECT_CONVERSION = YES_AGGRESSIVE;
				CLANG_CXX_LANGUAGE_STANDARD = "gnu++14";
				CLANG_CXX_LIBRARY = "libc++";
				CLANG_ENABLE_MODULES = YES;
				CLANG_ENABLE_OBJC_ARC = YES;
				CLANG_ENABLE_OBJC_WEAK = YES;
				CLANG_WARN_BLOCK_CAPTURE_AUTORELEASING = YES;
				CLANG_WARN_BOOL_CONVERSION = YES;
				CLANG_WARN_COMMA = YES;
				CLANG_WARN_CONSTANT_CONVERSION = YES;
				CLANG_WARN_DEPRECATED_OBJC_IMPLEMENTATIONS = YES;
				CLANG_WARN_DIRECT_OBJC_ISA_USAGE = YES_ERROR;
				CLANG_WARN_DOCUMENTATION_COMMENTS = YES;
				CLANG_WARN_EMPTY_BODY = YES;
				CLANG_WARN_ENUM_CONVERSION = YES;
				CLANG_WARN_INFINITE_RECURSION = YES;
				CLANG_WARN_INT_CONVERSION = YES;
				CLANG_WARN_NON_LITERAL_NULL_CONVERSION = YES;
				CLANG_WARN_OBJC_IMPLICIT_RETAIN_SELF = YES;
				CLANG_WARN_OBJC_LITERAL_CONVERSION = YES;
				CLANG_WARN_OBJC_ROOT_CLASS = YES_ERROR;
				CLANG_WARN_QUOTED_INCLUDE_IN_FRAMEWORK_HEADER = YES;
				CLANG_WARN_RANGE_LOOP_ANALYSIS = YES;
				CLANG_WARN_STRICT_PROTOTYPES = YES;
				CLANG_WARN_SUSPICIOUS_MOVE = YES;
				CLANG_WARN_UNGUARDED_AVAILABILITY = YES_AGGRESSIVE;
				CLANG_WARN_UNREACHABLE_CODE = YES;
				CLANG_WARN__DUPLICATE_METHOD_MATCH = YES;
				COPY_PHASE_STRIP = NO;
				DEAD_CODE_STRIPPING = YES;
				DEBUG_INFORMATION_FORMAT = dwarf;
				ENABLE_HARDENED_RUNTIME = YES;
				ENABLE_STRICT_OBJC_MSGSEND = YES;
				ENABLE_TESTABILITY = YES;
				GCC_C_LANGUAGE_STANDARD = gnu11;
				GCC_DYNAMIC_NO_PIC = NO;
				GCC_NO_COMMON_BLOCKS = YES;
				GCC_OPTIMIZATION_LEVEL = 0;
				GCC_PREPROCESSOR_DEFINITIONS = (
					"$(inherited)",
					"DEBUG=1",
				);
				GCC_WARN_64_TO_32_BIT_CONVERSION = YES;
				GCC_WARN_ABOUT_RETURN_TYPE = YES_ERROR;
				GCC_WARN_UNDECLARED_SELECTOR = YES;
				GCC_WARN_UNINITIALIZED_AUTOS = YES_AGGRESSIVE;
				GCC_WARN_UNUSED_FUNCTION = YES;
				GCC_WARN_UNUSED_VARIABLE = YES;
				GENERATE_INFOPLIST_FILE = YES;
				MACOSX_DEPLOYMENT_TARGET = 15.0;
				MTL_ENABLE_DEBUG_INFO = INCLUDE_SOURCE;
				MTL_FAST_MATH = YES;
				ONLY_ACTIVE_ARCH = YES;
				PRODUCT_NAME = "$(TARGET_NAME)";
				SDKROOT = macosx;
				SWIFT_ACTIVE_COMPILATION_CONDITIONS = DEBUG;
				SWIFT_EMIT_LOC_STRINGS = YES;
				SWIFT_OPTIMIZATION_LEVEL = "-Onone";
				SWIFT_VERSION = 5.0;
			};
			name = Debug;
		};
		51F2DD30EF60F6181D970AD8 /* Release */ = {
			isa = XCBuildConfiguration;
			buildSettings = {
				ALWAYS_SEARCH_USER_PATHS = NO;
				ASSETCATALOG_COMPILER_GENERATE_SWIFT_ASSET_SYMBOL_EXTENSIONS = YES;
				CLANG_ANALYZER_NONNULL = YES;
				CLANG_ANALYZER_NUMBER_OBJECT_CONVERSION = YES_AGGRESSIVE;
				CLANG_CXX_LANGUAGE_STANDARD = "gnu++14";
				CLANG_CXX_LIBRARY = "libc++";
				CLANG_ENABLE_MODULES = YES;
				CLANG_ENABLE_OBJC_ARC = YES;
				CLANG_ENABLE_OBJC_WEAK = YES;
				CLANG_WARN_BLOCK_CAPTURE_AUTORELEASING = YES;
				CLANG_WARN_BOOL_CONVERSION = YES;
				CLANG_WARN_COMMA = YES;
				CLANG_WARN_CONSTANT_CONVERSION = YES;
				CLANG_WARN_DEPRECATED_OBJC_IMPLEMENTATIONS = YES;
				CLANG_WARN_DIRECT_OBJC_ISA_USAGE = YES_ERROR;
				CLANG_WARN_DOCUMENTATION_COMMENTS = YES;
				CLANG_WARN_EMPTY_BODY = YES;
				CLANG_WARN_ENUM_CONVERSION = YES;
				CLANG_WARN_INFINITE_RECURSION = YES;
				CLANG_WARN_INT_CONVERSION = YES;
				CLANG_WARN_NON_LITERAL_NULL_CONVERSION = YES;
				CLANG_WARN_OBJC_IMPLICIT_RETAIN_SELF = YES;
				CLANG_WARN_OBJC_LITERAL_CONVERSION = YES;
				CLANG_WARN_OBJC_ROOT_CLASS = YES_ERROR;
				CLANG_WARN_QUOTED_INCLUDE_IN_FRAMEWORK_HEADER = YES;
				CLANG_WARN_RANGE_LOOP_ANALYSIS = YES;
				CLANG_WARN_STRICT_PROTOTYPES = YES;
				CLANG_WARN_SUSPICIOUS_MOVE = YES;
				CLANG_WARN_UNGUARDED_AVAILABILITY = YES_AGGRESSIVE;
				CLANG_WARN_UNREACHABLE_CODE = YES;
				CLANG_WARN__DUPLICATE_METHOD_MATCH = YES;
				COPY_PHASE_STRIP = NO;
				DEAD_CODE_STRIPPING = YES;
				DEBUG_INFORMATION_FORMAT = "dwarf-with-dsym";
				ENABLE_HARDENED_RUNTIME = YES;
				ENABLE_NS_ASSERTIONS = NO;
				ENABLE_STRICT_OBJC_MSGSEND = YES;
				GCC_C_LANGUAGE_STANDARD = gnu11;
				GCC_NO_COMMON_BLOCKS = YES;
				GCC_WARN_64_TO_32_BIT_CONVERSION = YES;
				GCC_WARN_ABOUT_RETURN_TYPE = YES_ERROR;
				GCC_WARN_UNDECLARED_SELECTOR = YES;
				GCC_WARN_UNINITIALIZED_AUTOS = YES_AGGRESSIVE;
				GCC_WARN_UNUSED_FUNCTION = YES;
				GCC_WARN_UNUSED_VARIABLE = YES;
				GENERATE_INFOPLIST_FILE = YES;
				MACOSX_DEPLOYMENT_TARGET = 15.0;
				MTL_ENABLE_DEBUG_INFO = NO;
				MTL_FAST_MATH = YES;
				PRODUCT_NAME = "$(TARGET_NAME)";
				SDKROOT = macosx;
				SWIFT_COMPILATION_MODE = wholemodule;
				SWIFT_EMIT_LOC_STRINGS = YES;
				SWIFT_OPTIMIZATION_LEVEL = "-O";
				SWIFT_VERSION = 5.0;
			};
			name = Release;
		};
		59DF50E9125FC13FB6614A65 /* Debug */ = {
			isa = XCBuildConfiguration;
			buildSettings = {
				ARCHS = arm64;
				ASSETCATALOG_COMPILER_APPICON_NAME = AppIcon;
				CODE_SIGN_ENTITLEMENTS = SaneBar/SaneBar.entitlements;
				CODE_SIGN_IDENTITY = "-";
				CODE_SIGN_INJECT_BASE_ENTITLEMENTS = YES;
				CODE_SIGN_STYLE = Manual;
				COMBINE_HIDPI_IMAGES = YES;
				DEVELOPMENT_TEAM = M78L6FXD48;
				ENABLE_PREVIEWS = YES;
				LD_RUNPATH_SEARCH_PATHS = (
					"$(inherited)",
					"@executable_path/../Frameworks",
				);
				MACOSX_DEPLOYMENT_TARGET = 15.0;
				PRODUCT_BUNDLE_IDENTIFIER = com.sanevideo.SaneBar;
				PRODUCT_NAME = SaneBar;
				SDKROOT = macosx;
				SWIFT_VERSION = 6.0;
				VALID_ARCHS = arm64;
			};
			name = Debug;
		};
		B24286DDA1D88CB4A3727DF3 /* Debug */ = {
			isa = XCBuildConfiguration;
			buildSettings = {
				BUNDLE_LOADER = "$(TEST_HOST)";
				COMBINE_HIDPI_IMAGES = YES;
				LD_RUNPATH_SEARCH_PATHS = (
					"$(inherited)",
					"@executable_path/../Frameworks",
					"@loader_path/../Frameworks",
				);
				PRODUCT_BUNDLE_IDENTIFIER = com.sanevideo.SaneBarTests;
				SDKROOT = macosx;
				TEST_HOST = "$(BUILT_PRODUCTS_DIR)/SaneBar.app/Contents/MacOS/SaneBar";
			};
			name = Debug;
		};
		CFE7648E9EBDC2FBEB99D95E /* Release */ = {
			isa = XCBuildConfiguration;
			buildSettings = {
				BUNDLE_LOADER = "$(TEST_HOST)";
				COMBINE_HIDPI_IMAGES = YES;
				LD_RUNPATH_SEARCH_PATHS = (
					"$(inherited)",
					"@executable_path/../Frameworks",
					"@loader_path/../Frameworks",
				);
				PRODUCT_BUNDLE_IDENTIFIER = com.sanevideo.SaneBarTests;
				SDKROOT = macosx;
				TEST_HOST = "$(BUILT_PRODUCTS_DIR)/SaneBar.app/Contents/MacOS/SaneBar";
			};
			name = Release;
		};
		E718AB92A2E30FF70EB33906 /* Release */ = {
			isa = XCBuildConfiguration;
			buildSettings = {
				ARCHS = arm64;
				ASSETCATALOG_COMPILER_APPICON_NAME = AppIcon;
				CODE_SIGN_ENTITLEMENTS = SaneBar/SaneBar.entitlements;
				CODE_SIGN_IDENTITY = "Developer ID Application: Stephan Joseph (M78L6FXD48)";
				CODE_SIGN_INJECT_BASE_ENTITLEMENTS = YES;
				CODE_SIGN_STYLE = Manual;
				COMBINE_HIDPI_IMAGES = YES;
				DEVELOPMENT_TEAM = M78L6FXD48;
				ENABLE_PREVIEWS = YES;
				LD_RUNPATH_SEARCH_PATHS = (
					"$(inherited)",
					"@executable_path/../Frameworks",
				);
				MACOSX_DEPLOYMENT_TARGET = 15.0;
				PRODUCT_BUNDLE_IDENTIFIER = com.sanevideo.SaneBar;
				PRODUCT_NAME = SaneBar;
				SDKROOT = macosx;
				SWIFT_VERSION = 6.0;
				VALID_ARCHS = arm64;
			};
			name = Release;
		};
/* End XCBuildConfiguration section */

/* Begin XCConfigurationList section */
		522DFAB53E640DC8E2C4B75C /* Build configuration list for PBXProject "SaneBar" */ = {
			isa = XCConfigurationList;
			buildConfigurations = (
				3A13B0DCEB3CB1B18D4E82BD /* Debug */,
				51F2DD30EF60F6181D970AD8 /* Release */,
			);
			defaultConfigurationIsVisible = 0;
			defaultConfigurationName = Debug;
		};
		6AFCDAF3F1C0A43572986D8F /* Build configuration list for PBXNativeTarget "SaneBarTests" */ = {
			isa = XCConfigurationList;
			buildConfigurations = (
				B24286DDA1D88CB4A3727DF3 /* Debug */,
				CFE7648E9EBDC2FBEB99D95E /* Release */,
			);
			defaultConfigurationIsVisible = 0;
			defaultConfigurationName = Debug;
		};
		7D12CB2E7AC314BA2DBF0C93 /* Build configuration list for PBXNativeTarget "SaneBar" */ = {
			isa = XCConfigurationList;
			buildConfigurations = (
				59DF50E9125FC13FB6614A65 /* Debug */,
				E718AB92A2E30FF70EB33906 /* Release */,
			);
			defaultConfigurationIsVisible = 0;
			defaultConfigurationName = Debug;
		};
/* End XCConfigurationList section */

/* Begin XCRemoteSwiftPackageReference section */
		D2D0D47940BF0BB98E9639FA /* XCRemoteSwiftPackageReference "KeyboardShortcuts" */ = {
			isa = XCRemoteSwiftPackageReference;
			repositoryURL = "https://github.com/sindresorhus/KeyboardShortcuts";
			requirement = {
				kind = upToNextMajorVersion;
				minimumVersion = 2.0.0;
			};
		};
/* End XCRemoteSwiftPackageReference section */

/* Begin XCSwiftPackageProductDependency section */
		E264258C707319B447D489AC /* KeyboardShortcuts */ = {
			isa = XCSwiftPackageProductDependency;
			package = D2D0D47940BF0BB98E9639FA /* XCRemoteSwiftPackageReference "KeyboardShortcuts" */;
			productName = KeyboardShortcuts;
		};
/* End XCSwiftPackageProductDependency section */
	};
	rootObject = 949C056D9FA5414C0976C5F5 /* Project object */;
}
